
Microsoft Visual Studio Solution File, Format Version 12.00
# Visual Studio 15
VisualStudioVersion = 15.0.27703.1
MinimumVisualStudioVersion = 10.0.40219.1
Project("{FAE04EC0-301F-11D3-BF4B-00C04F79EFBC}") = "Midge.Android", "Midge\Midge.Android\Midge.Android.csproj", "{DB7F94F7-B95D-480C-A2C8-4CBD4AE8074A}"
EndProject
Project("{FAE04EC0-301F-11D3-BF4B-00C04F79EFBC}") = "Midge.iOS", "Midge\Midge.iOS\Midge.iOS.csproj", "{663630E4-C17C-4F2C-A52E-FF97C2D07141}"
EndProject
Project("{9A19103F-16F7-4668-BE54-9A1E7A4F7556}") = "Midge", "Midge\Midge\Midge.csproj", "{E1152548-6E7F-4982-AC4C-134494AB31ED}"
EndProject
Project("{FAE04EC0-301F-11D3-BF4B-00C04F79EFBC}") = "MidgeContract", "MidgeContract\MidgeContract.csproj", "{98E5029F-816C-49D2-995E-03639E3AC7F0}"
EndProject
Project("{FAE04EC0-301F-11D3-BF4B-00C04F79EFBC}") = "MidgeService", "MidgeService\MidgeService.csproj", "{A7563C1F-BCFA-4C5D-9EAB-84A00DCE0E69}"
EndProject
Project("{FAE04EC0-301F-11D3-BF4B-00C04F79EFBC}") = "MidgeTest", "MidgeTest\MidgeTest.csproj", "{B740E24F-0EFC-4DDC-B074-D369F215E98B}"
EndProject
Global
	GlobalSection(SolutionConfigurationPlatforms) = preSolution
		Ad-Hoc|Any CPU = Ad-Hoc|Any CPU
		Ad-Hoc|iPhone = Ad-Hoc|iPhone
		Ad-Hoc|iPhoneSimulator = Ad-Hoc|iPhoneSimulator
		AppStore|Any CPU = AppStore|Any CPU
		AppStore|iPhone = AppStore|iPhone
		AppStore|iPhoneSimulator = AppStore|iPhoneSimulator
		Debug|Any CPU = Debug|Any CPU
		Debug|iPhone = Debug|iPhone
		Debug|iPhoneSimulator = Debug|iPhoneSimulator
		Droid|Any CPU = Droid|Any CPU
		Droid|iPhone = Droid|iPhone
		Droid|iPhoneSimulator = Droid|iPhoneSimulator
		GRL|Any CPU = GRL|Any CPU
		GRL|iPhone = GRL|iPhone
		GRL|iPhoneSimulator = GRL|iPhoneSimulator
		Release|Any CPU = Release|Any CPU
		Release|iPhone = Release|iPhone
		Release|iPhoneSimulator = Release|iPhoneSimulator
	EndGlobalSection
	GlobalSection(ProjectConfigurationPlatforms) = postSolution
		{DB7F94F7-B95D-480C-A2C8-4CBD4AE8074A}.Ad-Hoc|Any CPU.ActiveCfg = Release|Any CPU
		{DB7F94F7-B95D-480C-A2C8-4CBD4AE8074A}.Ad-Hoc|Any CPU.Build.0 = Release|Any CPU
		{DB7F94F7-B95D-480C-A2C8-4CBD4AE8074A}.Ad-Hoc|Any CPU.Deploy.0 = Release|Any CPU
		{DB7F94F7-B95D-480C-A2C8-4CBD4AE8074A}.Ad-Hoc|iPhone.ActiveCfg = Release|Any CPU
		{DB7F94F7-B95D-480C-A2C8-4CBD4AE8074A}.Ad-Hoc|iPhone.Build.0 = Release|Any CPU
		{DB7F94F7-B95D-480C-A2C8-4CBD4AE8074A}.Ad-Hoc|iPhone.Deploy.0 = Release|Any CPU
		{DB7F94F7-B95D-480C-A2C8-4CBD4AE8074A}.Ad-Hoc|iPhoneSimulator.ActiveCfg = Release|Any CPU
		{DB7F94F7-B95D-480C-A2C8-4CBD4AE8074A}.Ad-Hoc|iPhoneSimulator.Build.0 = Release|Any CPU
		{DB7F94F7-B95D-480C-A2C8-4CBD4AE8074A}.Ad-Hoc|iPhoneSimulator.Deploy.0 = Release|Any CPU
		{DB7F94F7-B95D-480C-A2C8-4CBD4AE8074A}.AppStore|Any CPU.ActiveCfg = Release|Any CPU
		{DB7F94F7-B95D-480C-A2C8-4CBD4AE8074A}.AppStore|Any CPU.Build.0 = Release|Any CPU
		{DB7F94F7-B95D-480C-A2C8-4CBD4AE8074A}.AppStore|Any CPU.Deploy.0 = Release|Any CPU
		{DB7F94F7-B95D-480C-A2C8-4CBD4AE8074A}.AppStore|iPhone.ActiveCfg = Release|Any CPU
		{DB7F94F7-B95D-480C-A2C8-4CBD4AE8074A}.AppStore|iPhone.Build.0 = Release|Any CPU
		{DB7F94F7-B95D-480C-A2C8-4CBD4AE8074A}.AppStore|iPhone.Deploy.0 = Release|Any CPU
		{DB7F94F7-B95D-480C-A2C8-4CBD4AE8074A}.AppStore|iPhoneSimulator.ActiveCfg = Release|Any CPU
		{DB7F94F7-B95D-480C-A2C8-4CBD4AE8074A}.AppStore|iPhoneSimulator.Build.0 = Release|Any CPU
		{DB7F94F7-B95D-480C-A2C8-4CBD4AE8074A}.AppStore|iPhoneSimulator.Deploy.0 = Release|Any CPU
		{DB7F94F7-B95D-480C-A2C8-4CBD4AE8074A}.Debug|Any CPU.ActiveCfg = Debug|Any CPU
		{DB7F94F7-B95D-480C-A2C8-4CBD4AE8074A}.Debug|Any CPU.Build.0 = Debug|Any CPU
		{DB7F94F7-B95D-480C-A2C8-4CBD4AE8074A}.Debug|Any CPU.Deploy.0 = Debug|Any CPU
		{DB7F94F7-B95D-480C-A2C8-4CBD4AE8074A}.Debug|iPhone.ActiveCfg = Debug|Any CPU
		{DB7F94F7-B95D-480C-A2C8-4CBD4AE8074A}.Debug|iPhone.Build.0 = Debug|Any CPU
		{DB7F94F7-B95D-480C-A2C8-4CBD4AE8074A}.Debug|iPhone.Deploy.0 = Debug|Any CPU
		{DB7F94F7-B95D-480C-A2C8-4CBD4AE8074A}.Debug|iPhoneSimulator.ActiveCfg = Debug|Any CPU
		{DB7F94F7-B95D-480C-A2C8-4CBD4AE8074A}.Debug|iPhoneSimulator.Build.0 = Debug|Any CPU
		{DB7F94F7-B95D-480C-A2C8-4CBD4AE8074A}.Debug|iPhoneSimulator.Deploy.0 = Debug|Any CPU
		{DB7F94F7-B95D-480C-A2C8-4CBD4AE8074A}.Droid|Any CPU.ActiveCfg = Droid|Any CPU
		{DB7F94F7-B95D-480C-A2C8-4CBD4AE8074A}.Droid|Any CPU.Build.0 = Droid|Any CPU
		{DB7F94F7-B95D-480C-A2C8-4CBD4AE8074A}.Droid|Any CPU.Deploy.0 = Droid|Any CPU
		{DB7F94F7-B95D-480C-A2C8-4CBD4AE8074A}.Droid|iPhone.ActiveCfg = Droid|Any CPU
		{DB7F94F7-B95D-480C-A2C8-4CBD4AE8074A}.Droid|iPhone.Build.0 = Droid|Any CPU
		{DB7F94F7-B95D-480C-A2C8-4CBD4AE8074A}.Droid|iPhone.Deploy.0 = Droid|Any CPU
		{DB7F94F7-B95D-480C-A2C8-4CBD4AE8074A}.Droid|iPhoneSimulator.ActiveCfg = Droid|Any CPU
		{DB7F94F7-B95D-480C-A2C8-4CBD4AE8074A}.Droid|iPhoneSimulator.Build.0 = Droid|Any CPU
		{DB7F94F7-B95D-480C-A2C8-4CBD4AE8074A}.Droid|iPhoneSimulator.Deploy.0 = Droid|Any CPU
		{DB7F94F7-B95D-480C-A2C8-4CBD4AE8074A}.GRL|Any CPU.ActiveCfg = GRL|Any CPU
		{DB7F94F7-B95D-480C-A2C8-4CBD4AE8074A}.GRL|Any CPU.Build.0 = GRL|Any CPU
		{DB7F94F7-B95D-480C-A2C8-4CBD4AE8074A}.GRL|Any CPU.Deploy.0 = GRL|Any CPU
		{DB7F94F7-B95D-480C-A2C8-4CBD4AE8074A}.GRL|iPhone.ActiveCfg = GRL|Any CPU
		{DB7F94F7-B95D-480C-A2C8-4CBD4AE8074A}.GRL|iPhone.Build.0 = GRL|Any CPU
		{DB7F94F7-B95D-480C-A2C8-4CBD4AE8074A}.GRL|iPhone.Deploy.0 = GRL|Any CPU
		{DB7F94F7-B95D-480C-A2C8-4CBD4AE8074A}.GRL|iPhoneSimulator.ActiveCfg = GRL|Any CPU
		{DB7F94F7-B95D-480C-A2C8-4CBD4AE8074A}.GRL|iPhoneSimulator.Build.0 = GRL|Any CPU
		{DB7F94F7-B95D-480C-A2C8-4CBD4AE8074A}.GRL|iPhoneSimulator.Deploy.0 = GRL|Any CPU
		{DB7F94F7-B95D-480C-A2C8-4CBD4AE8074A}.Release|Any CPU.ActiveCfg = Release|Any CPU
		{DB7F94F7-B95D-480C-A2C8-4CBD4AE8074A}.Release|Any CPU.Build.0 = Release|Any CPU
		{DB7F94F7-B95D-480C-A2C8-4CBD4AE8074A}.Release|Any CPU.Deploy.0 = Release|Any CPU
		{DB7F94F7-B95D-480C-A2C8-4CBD4AE8074A}.Release|iPhone.ActiveCfg = Release|Any CPU
		{DB7F94F7-B95D-480C-A2C8-4CBD4AE8074A}.Release|iPhone.Build.0 = Release|Any CPU
		{DB7F94F7-B95D-480C-A2C8-4CBD4AE8074A}.Release|iPhone.Deploy.0 = Release|Any CPU
		{DB7F94F7-B95D-480C-A2C8-4CBD4AE8074A}.Release|iPhoneSimulator.ActiveCfg = Release|Any CPU
		{DB7F94F7-B95D-480C-A2C8-4CBD4AE8074A}.Release|iPhoneSimulator.Build.0 = Release|Any CPU
		{DB7F94F7-B95D-480C-A2C8-4CBD4AE8074A}.Release|iPhoneSimulator.Deploy.0 = Release|Any CPU
		{663630E4-C17C-4F2C-A52E-FF97C2D07141}.Ad-Hoc|Any CPU.ActiveCfg = Ad-Hoc|iPhone
		{663630E4-C17C-4F2C-A52E-FF97C2D07141}.Ad-Hoc|Any CPU.Build.0 = Ad-Hoc|iPhone
		{663630E4-C17C-4F2C-A52E-FF97C2D07141}.Ad-Hoc|Any CPU.Deploy.0 = Ad-Hoc|iPhone
		{663630E4-C17C-4F2C-A52E-FF97C2D07141}.Ad-Hoc|iPhone.ActiveCfg = Ad-Hoc|iPhone
		{663630E4-C17C-4F2C-A52E-FF97C2D07141}.Ad-Hoc|iPhone.Build.0 = Ad-Hoc|iPhone
		{663630E4-C17C-4F2C-A52E-FF97C2D07141}.Ad-Hoc|iPhone.Deploy.0 = Ad-Hoc|iPhone
		{663630E4-C17C-4F2C-A52E-FF97C2D07141}.Ad-Hoc|iPhoneSimulator.ActiveCfg = Ad-Hoc|iPhoneSimulator
		{663630E4-C17C-4F2C-A52E-FF97C2D07141}.Ad-Hoc|iPhoneSimulator.Build.0 = Ad-Hoc|iPhoneSimulator
		{663630E4-C17C-4F2C-A52E-FF97C2D07141}.Ad-Hoc|iPhoneSimulator.Deploy.0 = Ad-Hoc|iPhoneSimulator
		{663630E4-C17C-4F2C-A52E-FF97C2D07141}.AppStore|Any CPU.ActiveCfg = AppStore|iPhone
		{663630E4-C17C-4F2C-A52E-FF97C2D07141}.AppStore|Any CPU.Build.0 = AppStore|iPhone
		{663630E4-C17C-4F2C-A52E-FF97C2D07141}.AppStore|Any CPU.Deploy.0 = AppStore|iPhone
		{663630E4-C17C-4F2C-A52E-FF97C2D07141}.AppStore|iPhone.ActiveCfg = AppStore|iPhone
		{663630E4-C17C-4F2C-A52E-FF97C2D07141}.AppStore|iPhone.Build.0 = AppStore|iPhone
		{663630E4-C17C-4F2C-A52E-FF97C2D07141}.AppStore|iPhone.Deploy.0 = AppStore|iPhone
		{663630E4-C17C-4F2C-A52E-FF97C2D07141}.AppStore|iPhoneSimulator.ActiveCfg = AppStore|iPhoneSimulator
		{663630E4-C17C-4F2C-A52E-FF97C2D07141}.AppStore|iPhoneSimulator.Build.0 = AppStore|iPhoneSimulator
		{663630E4-C17C-4F2C-A52E-FF97C2D07141}.AppStore|iPhoneSimulator.Deploy.0 = AppStore|iPhoneSimulator
		{663630E4-C17C-4F2C-A52E-FF97C2D07141}.Debug|Any CPU.ActiveCfg = Debug|iPhoneSimulator
		{663630E4-C17C-4F2C-A52E-FF97C2D07141}.Debug|Any CPU.Build.0 = Debug|iPhoneSimulator
		{663630E4-C17C-4F2C-A52E-FF97C2D07141}.Debug|Any CPU.Deploy.0 = Debug|iPhoneSimulator
		{663630E4-C17C-4F2C-A52E-FF97C2D07141}.Debug|iPhone.ActiveCfg = Debug|iPhone
		{663630E4-C17C-4F2C-A52E-FF97C2D07141}.Debug|iPhone.Build.0 = Debug|iPhone
		{663630E4-C17C-4F2C-A52E-FF97C2D07141}.Debug|iPhone.Deploy.0 = Debug|iPhone
		{663630E4-C17C-4F2C-A52E-FF97C2D07141}.Debug|iPhoneSimulator.ActiveCfg = Debug|iPhoneSimulator
		{663630E4-C17C-4F2C-A52E-FF97C2D07141}.Debug|iPhoneSimulator.Build.0 = Debug|iPhoneSimulator
		{663630E4-C17C-4F2C-A52E-FF97C2D07141}.Debug|iPhoneSimulator.Deploy.0 = Debug|iPhoneSimulator
		{663630E4-C17C-4F2C-A52E-FF97C2D07141}.Droid|Any CPU.ActiveCfg = Droid|iPhone
		{663630E4-C17C-4F2C-A52E-FF97C2D07141}.Droid|iPhone.ActiveCfg = Droid|iPhone
		{663630E4-C17C-4F2C-A52E-FF97C2D07141}.Droid|iPhone.Build.0 = Droid|iPhone
		{663630E4-C17C-4F2C-A52E-FF97C2D07141}.Droid|iPhoneSimulator.ActiveCfg = Droid|iPhoneSimulator
		{663630E4-C17C-4F2C-A52E-FF97C2D07141}.Droid|iPhoneSimulator.Build.0 = Droid|iPhoneSimulator
		{663630E4-C17C-4F2C-A52E-FF97C2D07141}.GRL|Any CPU.ActiveCfg = GRL|iPhone
		{663630E4-C17C-4F2C-A52E-FF97C2D07141}.GRL|iPhone.ActiveCfg = GRL|iPhone
		{663630E4-C17C-4F2C-A52E-FF97C2D07141}.GRL|iPhone.Build.0 = GRL|iPhone
		{663630E4-C17C-4F2C-A52E-FF97C2D07141}.GRL|iPhoneSimulator.ActiveCfg = GRL|iPhoneSimulator
		{663630E4-C17C-4F2C-A52E-FF97C2D07141}.GRL|iPhoneSimulator.Build.0 = GRL|iPhoneSimulator
		{663630E4-C17C-4F2C-A52E-FF97C2D07141}.Release|Any CPU.ActiveCfg = Release|iPhone
		{663630E4-C17C-4F2C-A52E-FF97C2D07141}.Release|Any CPU.Build.0 = Release|iPhone
		{663630E4-C17C-4F2C-A52E-FF97C2D07141}.Release|Any CPU.Deploy.0 = Release|iPhone
		{663630E4-C17C-4F2C-A52E-FF97C2D07141}.Release|iPhone.ActiveCfg = Release|iPhone
		{663630E4-C17C-4F2C-A52E-FF97C2D07141}.Release|iPhone.Build.0 = Release|iPhone
		{663630E4-C17C-4F2C-A52E-FF97C2D07141}.Release|iPhone.Deploy.0 = Release|iPhone
		{663630E4-C17C-4F2C-A52E-FF97C2D07141}.Release|iPhoneSimulator.ActiveCfg = Release|iPhoneSimulator
		{663630E4-C17C-4F2C-A52E-FF97C2D07141}.Release|iPhoneSimulator.Build.0 = Release|iPhoneSimulator
		{663630E4-C17C-4F2C-A52E-FF97C2D07141}.Release|iPhoneSimulator.Deploy.0 = Release|iPhoneSimulator
		{E1152548-6E7F-4982-AC4C-134494AB31ED}.Ad-Hoc|Any CPU.ActiveCfg = Debug|Any CPU
		{E1152548-6E7F-4982-AC4C-134494AB31ED}.Ad-Hoc|Any CPU.Build.0 = Debug|Any CPU
		{E1152548-6E7F-4982-AC4C-134494AB31ED}.Ad-Hoc|iPhone.ActiveCfg = Debug|Any CPU
		{E1152548-6E7F-4982-AC4C-134494AB31ED}.Ad-Hoc|iPhone.Build.0 = Debug|Any CPU
		{E1152548-6E7F-4982-AC4C-134494AB31ED}.Ad-Hoc|iPhoneSimulator.ActiveCfg = Debug|Any CPU
		{E1152548-6E7F-4982-AC4C-134494AB31ED}.Ad-Hoc|iPhoneSimulator.Build.0 = Debug|Any CPU
		{E1152548-6E7F-4982-AC4C-134494AB31ED}.AppStore|Any CPU.ActiveCfg = Debug|Any CPU
		{E1152548-6E7F-4982-AC4C-134494AB31ED}.AppStore|Any CPU.Build.0 = Debug|Any CPU
		{E1152548-6E7F-4982-AC4C-134494AB31ED}.AppStore|iPhone.ActiveCfg = Debug|Any CPU
		{E1152548-6E7F-4982-AC4C-134494AB31ED}.AppStore|iPhone.Build.0 = Debug|Any CPU
		{E1152548-6E7F-4982-AC4C-134494AB31ED}.AppStore|iPhoneSimulator.ActiveCfg = Debug|Any CPU
		{E1152548-6E7F-4982-AC4C-134494AB31ED}.AppStore|iPhoneSimulator.Build.0 = Debug|Any CPU
		{E1152548-6E7F-4982-AC4C-134494AB31ED}.Debug|Any CPU.ActiveCfg = Debug|Any CPU
		{E1152548-6E7F-4982-AC4C-134494AB31ED}.Debug|Any CPU.Build.0 = Debug|Any CPU
		{E1152548-6E7F-4982-AC4C-134494AB31ED}.Debug|iPhone.ActiveCfg = Debug|Any CPU
		{E1152548-6E7F-4982-AC4C-134494AB31ED}.Debug|iPhone.Build.0 = Debug|Any CPU
		{E1152548-6E7F-4982-AC4C-134494AB31ED}.Debug|iPhoneSimulator.ActiveCfg = Debug|Any CPU
		{E1152548-6E7F-4982-AC4C-134494AB31ED}.Debug|iPhoneSimulator.Build.0 = Debug|Any CPU
		{E1152548-6E7F-4982-AC4C-134494AB31ED}.Droid|Any CPU.ActiveCfg = Droid|Any CPU
		{E1152548-6E7F-4982-AC4C-134494AB31ED}.Droid|Any CPU.Build.0 = Droid|Any CPU
		{E1152548-6E7F-4982-AC4C-134494AB31ED}.Droid|iPhone.ActiveCfg = Droid|Any CPU
		{E1152548-6E7F-4982-AC4C-134494AB31ED}.Droid|iPhone.Build.0 = Droid|Any CPU
		{E1152548-6E7F-4982-AC4C-134494AB31ED}.Droid|iPhoneSimulator.ActiveCfg = Droid|Any CPU
		{E1152548-6E7F-4982-AC4C-134494AB31ED}.Droid|iPhoneSimulator.Build.0 = Droid|Any CPU
		{E1152548-6E7F-4982-AC4C-134494AB31ED}.GRL|Any CPU.ActiveCfg = GRL|Any CPU
		{E1152548-6E7F-4982-AC4C-134494AB31ED}.GRL|Any CPU.Build.0 = GRL|Any CPU
		{E1152548-6E7F-4982-AC4C-134494AB31ED}.GRL|iPhone.ActiveCfg = GRL|Any CPU
		{E1152548-6E7F-4982-AC4C-134494AB31ED}.GRL|iPhone.Build.0 = GRL|Any CPU
		{E1152548-6E7F-4982-AC4C-134494AB31ED}.GRL|iPhoneSimulator.ActiveCfg = GRL|Any CPU
		{E1152548-6E7F-4982-AC4C-134494AB31ED}.GRL|iPhoneSimulator.Build.0 = GRL|Any CPU
		{E1152548-6E7F-4982-AC4C-134494AB31ED}.Release|Any CPU.ActiveCfg = Release|Any CPU
		{E1152548-6E7F-4982-AC4C-134494AB31ED}.Release|Any CPU.Build.0 = Release|Any CPU
		{E1152548-6E7F-4982-AC4C-134494AB31ED}.Release|iPhone.ActiveCfg = Release|Any CPU
		{E1152548-6E7F-4982-AC4C-134494AB31ED}.Release|iPhone.Build.0 = Release|Any CPU
		{E1152548-6E7F-4982-AC4C-134494AB31ED}.Release|iPhoneSimulator.ActiveCfg = Release|Any CPU
		{E1152548-6E7F-4982-AC4C-134494AB31ED}.Release|iPhoneSimulator.Build.0 = Release|Any CPU
		{98E5029F-816C-49D2-995E-03639E3AC7F0}.Ad-Hoc|Any CPU.ActiveCfg = Release|Any CPU
		{98E5029F-816C-49D2-995E-03639E3AC7F0}.Ad-Hoc|Any CPU.Build.0 = Release|Any CPU
		{98E5029F-816C-49D2-995E-03639E3AC7F0}.Ad-Hoc|iPhone.ActiveCfg = Release|Any CPU
		{98E5029F-816C-49D2-995E-03639E3AC7F0}.Ad-Hoc|iPhone.Build.0 = Release|Any CPU
		{98E5029F-816C-49D2-995E-03639E3AC7F0}.Ad-Hoc|iPhoneSimulator.ActiveCfg = Release|Any CPU
		{98E5029F-816C-49D2-995E-03639E3AC7F0}.Ad-Hoc|iPhoneSimulator.Build.0 = Release|Any CPU
		{98E5029F-816C-49D2-995E-03639E3AC7F0}.AppStore|Any CPU.ActiveCfg = Release|Any CPU
		{98E5029F-816C-49D2-995E-03639E3AC7F0}.AppStore|Any CPU.Build.0 = Release|Any CPU
		{98E5029F-816C-49D2-995E-03639E3AC7F0}.AppStore|iPhone.ActiveCfg = Release|Any CPU
		{98E5029F-816C-49D2-995E-03639E3AC7F0}.AppStore|iPhone.Build.0 = Release|Any CPU
		{98E5029F-816C-49D2-995E-03639E3AC7F0}.AppStore|iPhoneSimulator.ActiveCfg = Release|Any CPU
		{98E5029F-816C-49D2-995E-03639E3AC7F0}.AppStore|iPhoneSimulator.Build.0 = Release|Any CPU
		{98E5029F-816C-49D2-995E-03639E3AC7F0}.Debug|Any CPU.ActiveCfg = Debug|Any CPU
		{98E5029F-816C-49D2-995E-03639E3AC7F0}.Debug|Any CPU.Build.0 = Debug|Any CPU
		{98E5029F-816C-49D2-995E-03639E3AC7F0}.Debug|iPhone.ActiveCfg = Debug|Any CPU
		{98E5029F-816C-49D2-995E-03639E3AC7F0}.Debug|iPhone.Build.0 = Debug|Any CPU
		{98E5029F-816C-49D2-995E-03639E3AC7F0}.Debug|iPhoneSimulator.ActiveCfg = Debug|Any CPU
		{98E5029F-816C-49D2-995E-03639E3AC7F0}.Debug|iPhoneSimulator.Build.0 = Debug|Any CPU
		{98E5029F-816C-49D2-995E-03639E3AC7F0}.Droid|Any CPU.ActiveCfg = Droid|Any CPU
		{98E5029F-816C-49D2-995E-03639E3AC7F0}.Droid|Any CPU.Build.0 = Droid|Any CPU
		{98E5029F-816C-49D2-995E-03639E3AC7F0}.Droid|iPhone.ActiveCfg = Droid|Any CPU
		{98E5029F-816C-49D2-995E-03639E3AC7F0}.Droid|iPhone.Build.0 = Droid|Any CPU
		{98E5029F-816C-49D2-995E-03639E3AC7F0}.Droid|iPhoneSimulator.ActiveCfg = Droid|Any CPU
		{98E5029F-816C-49D2-995E-03639E3AC7F0}.Droid|iPhoneSimulator.Build.0 = Droid|Any CPU
		{98E5029F-816C-49D2-995E-03639E3AC7F0}.GRL|Any CPU.ActiveCfg = GRL|Any CPU
		{98E5029F-816C-49D2-995E-03639E3AC7F0}.GRL|Any CPU.Build.0 = GRL|Any CPU
		{98E5029F-816C-49D2-995E-03639E3AC7F0}.GRL|iPhone.ActiveCfg = GRL|Any CPU
		{98E5029F-816C-49D2-995E-03639E3AC7F0}.GRL|iPhone.Build.0 = GRL|Any CPU
		{98E5029F-816C-49D2-995E-03639E3AC7F0}.GRL|iPhoneSimulator.ActiveCfg = GRL|Any CPU
		{98E5029F-816C-49D2-995E-03639E3AC7F0}.GRL|iPhoneSimulator.Build.0 = GRL|Any CPU
		{98E5029F-816C-49D2-995E-03639E3AC7F0}.Release|Any CPU.ActiveCfg = Release|Any CPU
		{98E5029F-816C-49D2-995E-03639E3AC7F0}.Release|Any CPU.Build.0 = Release|Any CPU
		{98E5029F-816C-49D2-995E-03639E3AC7F0}.Release|iPhone.ActiveCfg = Release|Any CPU
		{98E5029F-816C-49D2-995E-03639E3AC7F0}.Release|iPhone.Build.0 = Release|Any CPU
		{98E5029F-816C-49D2-995E-03639E3AC7F0}.Release|iPhoneSimulator.ActiveCfg = Release|Any CPU
		{98E5029F-816C-49D2-995E-03639E3AC7F0}.Release|iPhoneSimulator.Build.0 = Release|Any CPU
		{A7563C1F-BCFA-4C5D-9EAB-84A00DCE0E69}.Ad-Hoc|Any CPU.ActiveCfg = Release|Any CPU
		{A7563C1F-BCFA-4C5D-9EAB-84A00DCE0E69}.Ad-Hoc|Any CPU.Build.0 = Release|Any CPU
		{A7563C1F-BCFA-4C5D-9EAB-84A00DCE0E69}.Ad-Hoc|iPhone.ActiveCfg = Release|Any CPU
		{A7563C1F-BCFA-4C5D-9EAB-84A00DCE0E69}.Ad-Hoc|iPhone.Build.0 = Release|Any CPU
		{A7563C1F-BCFA-4C5D-9EAB-84A00DCE0E69}.Ad-Hoc|iPhoneSimulator.ActiveCfg = Release|Any CPU
		{A7563C1F-BCFA-4C5D-9EAB-84A00DCE0E69}.Ad-Hoc|iPhoneSimulator.Build.0 = Release|Any CPU
		{A7563C1F-BCFA-4C5D-9EAB-84A00DCE0E69}.AppStore|Any CPU.ActiveCfg = Release|Any CPU
		{A7563C1F-BCFA-4C5D-9EAB-84A00DCE0E69}.AppStore|Any CPU.Build.0 = Release|Any CPU
		{A7563C1F-BCFA-4C5D-9EAB-84A00DCE0E69}.AppStore|iPhone.ActiveCfg = Release|Any CPU
		{A7563C1F-BCFA-4C5D-9EAB-84A00DCE0E69}.AppStore|iPhone.Build.0 = Release|Any CPU
		{A7563C1F-BCFA-4C5D-9EAB-84A00DCE0E69}.AppStore|iPhoneSimulator.ActiveCfg = Release|Any CPU
		{A7563C1F-BCFA-4C5D-9EAB-84A00DCE0E69}.AppStore|iPhoneSimulator.Build.0 = Release|Any CPU
		{A7563C1F-BCFA-4C5D-9EAB-84A00DCE0E69}.Debug|Any CPU.ActiveCfg = Debug|Any CPU
		{A7563C1F-BCFA-4C5D-9EAB-84A00DCE0E69}.Debug|Any CPU.Build.0 = Debug|Any CPU
		{A7563C1F-BCFA-4C5D-9EAB-84A00DCE0E69}.Debug|iPhone.ActiveCfg = Debug|Any CPU
		{A7563C1F-BCFA-4C5D-9EAB-84A00DCE0E69}.Debug|iPhone.Build.0 = Debug|Any CPU
		{A7563C1F-BCFA-4C5D-9EAB-84A00DCE0E69}.Debug|iPhoneSimulator.ActiveCfg = Debug|Any CPU
		{A7563C1F-BCFA-4C5D-9EAB-84A00DCE0E69}.Debug|iPhoneSimulator.Build.0 = Debug|Any CPU
		{A7563C1F-BCFA-4C5D-9EAB-84A00DCE0E69}.Droid|Any CPU.ActiveCfg = Droid|Any CPU
		{A7563C1F-BCFA-4C5D-9EAB-84A00DCE0E69}.Droid|iPhone.ActiveCfg = Droid|Any CPU
		{A7563C1F-BCFA-4C5D-9EAB-84A00DCE0E69}.Droid|iPhone.Build.0 = Droid|Any CPU
		{A7563C1F-BCFA-4C5D-9EAB-84A00DCE0E69}.Droid|iPhoneSimulator.ActiveCfg = Droid|Any CPU
		{A7563C1F-BCFA-4C5D-9EAB-84A00DCE0E69}.Droid|iPhoneSimulator.Build.0 = Droid|Any CPU
		{A7563C1F-BCFA-4C5D-9EAB-84A00DCE0E69}.GRL|Any CPU.ActiveCfg = GRL|Any CPU
		{A7563C1F-BCFA-4C5D-9EAB-84A00DCE0E69}.GRL|iPhone.ActiveCfg = GRL|Any CPU
		{A7563C1F-BCFA-4C5D-9EAB-84A00DCE0E69}.GRL|iPhone.Build.0 = GRL|Any CPU
		{A7563C1F-BCFA-4C5D-9EAB-84A00DCE0E69}.GRL|iPhoneSimulator.ActiveCfg = GRL|Any CPU
		{A7563C1F-BCFA-4C5D-9EAB-84A00DCE0E69}.GRL|iPhoneSimulator.Build.0 = GRL|Any CPU
		{A7563C1F-BCFA-4C5D-9EAB-84A00DCE0E69}.Release|Any CPU.ActiveCfg = Release|Any CPU
		{A7563C1F-BCFA-4C5D-9EAB-84A00DCE0E69}.Release|Any CPU.Build.0 = Release|Any CPU
		{A7563C1F-BCFA-4C5D-9EAB-84A00DCE0E69}.Release|iPhone.ActiveCfg = Release|Any CPU
		{A7563C1F-BCFA-4C5D-9EAB-84A00DCE0E69}.Release|iPhone.Build.0 = Release|Any CPU
		{A7563C1F-BCFA-4C5D-9EAB-84A00DCE0E69}.Release|iPhoneSimulator.ActiveCfg = Release|Any CPU
		{A7563C1F-BCFA-4C5D-9EAB-84A00DCE0E69}.Release|iPhoneSimulator.Build.0 = Release|Any CPU
		{B740E24F-0EFC-4DDC-B074-D369F215E98B}.Ad-Hoc|Any CPU.ActiveCfg = Release|Any CPU
		{B740E24F-0EFC-4DDC-B074-D369F215E98B}.Ad-Hoc|Any CPU.Build.0 = Release|Any CPU
		{B740E24F-0EFC-4DDC-B074-D369F215E98B}.Ad-Hoc|iPhone.ActiveCfg = Release|Any CPU
		{B740E24F-0EFC-4DDC-B074-D369F215E98B}.Ad-Hoc|iPhone.Build.0 = Release|Any CPU
		{B740E24F-0EFC-4DDC-B074-D369F215E98B}.Ad-Hoc|iPhoneSimulator.ActiveCfg = Release|Any CPU
		{B740E24F-0EFC-4DDC-B074-D369F215E98B}.Ad-Hoc|iPhoneSimulator.Build.0 = Release|Any CPU
		{B740E24F-0EFC-4DDC-B074-D369F215E98B}.AppStore|Any CPU.ActiveCfg = Release|Any CPU
		{B740E24F-0EFC-4DDC-B074-D369F215E98B}.AppStore|Any CPU.Build.0 = Release|Any CPU
		{B740E24F-0EFC-4DDC-B074-D369F215E98B}.AppStore|iPhone.ActiveCfg = Release|Any CPU
		{B740E24F-0EFC-4DDC-B074-D369F215E98B}.AppStore|iPhone.Build.0 = Release|Any CPU
		{B740E24F-0EFC-4DDC-B074-D369F215E98B}.AppStore|iPhoneSimulator.ActiveCfg = Release|Any CPU
		{B740E24F-0EFC-4DDC-B074-D369F215E98B}.AppStore|iPhoneSimulator.Build.0 = Release|Any CPU
		{B740E24F-0EFC-4DDC-B074-D369F215E98B}.Debug|Any CPU.ActiveCfg = Debug|Any CPU
		{B740E24F-0EFC-4DDC-B074-D369F215E98B}.Debug|Any CPU.Build.0 = Debug|Any CPU
		{B740E24F-0EFC-4DDC-B074-D369F215E98B}.Debug|iPhone.ActiveCfg = Debug|Any CPU
		{B740E24F-0EFC-4DDC-B074-D369F215E98B}.Debug|iPhone.Build.0 = Debug|Any CPU
		{B740E24F-0EFC-4DDC-B074-D369F215E98B}.Debug|iPhoneSimulator.ActiveCfg = Debug|Any CPU
		{B740E24F-0EFC-4DDC-B074-D369F215E98B}.Debug|iPhoneSimulator.Build.0 = Debug|Any CPU
		{B740E24F-0EFC-4DDC-B074-D369F215E98B}.Droid|Any CPU.ActiveCfg = Debug|Any CPU
		{B740E24F-0EFC-4DDC-B074-D369F215E98B}.Droid|iPhone.ActiveCfg = Debug|Any CPU
		{B740E24F-0EFC-4DDC-B074-D369F215E98B}.Droid|iPhone.Build.0 = Debug|Any CPU
		{B740E24F-0EFC-4DDC-B074-D369F215E98B}.Droid|iPhoneSimulator.ActiveCfg = Debug|Any CPU
		{B740E24F-0EFC-4DDC-B074-D369F215E98B}.Droid|iPhoneSimulator.Build.0 = Debug|Any CPU
		{B740E24F-0EFC-4DDC-B074-D369F215E98B}.GRL|Any CPU.ActiveCfg = GRL|Any CPU
		{B740E24F-0EFC-4DDC-B074-D369F215E98B}.GRL|iPhone.ActiveCfg = GRL|Any CPU
		{B740E24F-0EFC-4DDC-B074-D369F215E98B}.GRL|iPhone.Build.0 = GRL|Any CPU
		{B740E24F-0EFC-4DDC-B074-D369F215E98B}.GRL|iPhoneSimulator.ActiveCfg = GRL|Any CPU
		{B740E24F-0EFC-4DDC-B074-D369F215E98B}.GRL|iPhoneSimulator.Build.0 = GRL|Any CPU
		{B740E24F-0EFC-4DDC-B074-D369F215E98B}.Release|Any CPU.ActiveCfg = Release|Any CPU
		{B740E24F-0EFC-4DDC-B074-D369F215E98B}.Release|Any CPU.Build.0 = Release|Any CPU
		{B740E24F-0EFC-4DDC-B074-D369F215E98B}.Release|iPhone.ActiveCfg = Release|Any CPU
		{B740E24F-0EFC-4DDC-B074-D369F215E98B}.Release|iPhone.Build.0 = Release|Any CPU
		{B740E24F-0EFC-4DDC-B074-D369F215E98B}.Release|iPhoneSimulator.ActiveCfg = Release|Any CPU
		{B740E24F-0EFC-4DDC-B074-D369F215E98B}.Release|iPhoneSimulator.Build.0 = Release|Any CPU
	EndGlobalSection
	GlobalSection(SolutionProperties) = preSolution
		HideSolutionNode = FALSE
	EndGlobalSection
	GlobalSection(ExtensibilityGlobals) = postSolution
		SolutionGuid = {3FD06203-DA82-4537-8661-DCC636A14C98}
	EndGlobalSection
EndGlobal
