
Microsoft Visual Studio Solution File, Format Version 12.00
# Visual Studio Version 16
VisualStudioVersion = 16.0.28729.10
MinimumVisualStudioVersion = 10.0.40219.1
Project("{FAE04EC0-301F-11D3-BF4B-00C04F79EFBC}") = "Midge.Client.Mobile.Android", "Midge.Client.Mobile\Midge.Client.Mobile.Android\Midge.Client.Mobile.Android.csproj", "{DB7F94F7-B95D-480C-A2C8-4CBD4AE8074A}"
EndProject
Project("{FAE04EC0-301F-11D3-BF4B-00C04F79EFBC}") = "Midge.Client.Mobile.iOS", "Midge.Client.Mobile\Midge.Client.Mobile.iOS\Midge.Client.Mobile.iOS.csproj", "{663630E4-C17C-4F2C-A52E-FF97C2D07141}"
EndProject
Project("{9A19103F-16F7-4668-BE54-9A1E7A4F7556}") = "Midge.Client.Mobile", "Midge.Client.Mobile\Midge.Client.Mobile\Midge.Client.Mobile.csproj", "{E1152548-6E7F-4982-AC4C-134494AB31ED}"
EndProject
Project("{FAE04EC0-301F-11D3-BF4B-00C04F79EFBC}") = "Midge.API", "Midge.API\Midge.API.csproj", "{C23F9664-4CA1-4A4D-9B17-6CA3A98A173D}"
EndProject
Project("{2150E333-8FDC-42A3-9474-1A3956D46DE8}") = "MidgeClient", "MidgeClient", "{10584294-69C5-4D2F-BC04-53CA2659BC8B}"
EndProject
Project("{2150E333-8FDC-42A3-9474-1A3956D46DE8}") = "MidgeServer", "MidgeServer", "{56BC8989-3712-405A-9153-BF32602A5107}"
EndProject
Project("{FAE04EC0-301F-11D3-BF4B-00C04F79EFBC}") = "Midge.Server.Windows", "Midge.Server.Windows\Midge.Server.Windows.csproj", "{F1EDEBA3-8210-476A-AAEE-80E2ADA3E46C}"
EndProject
Project("{9A19103F-16F7-4668-BE54-9A1E7A4F7556}") = "Midge.Server", "Midge.Server\Midge.Server.csproj", "{BC6B8C89-0C79-4FE2-825D-61592F79CD1B}"
EndProject
Global
	GlobalSection(SolutionConfigurationPlatforms) = preSolution
		Ad-Hoc|Any CPU = Ad-Hoc|Any CPU
		Ad-Hoc|iPhone = Ad-Hoc|iPhone
		Ad-Hoc|iPhoneSimulator = Ad-Hoc|iPhoneSimulator
		AppStore|Any CPU = AppStore|Any CPU
		AppStore|iPhone = AppStore|iPhone
		AppStore|iPhoneSimulator = AppStore|iPhoneSimulator
		Debug|Any CPU = Debug|Any CPU
		Debug|iPhone = Debug|iPhone
		Debug|iPhoneSimulator = Debug|iPhoneSimulator
		Droid|Any CPU = Droid|Any CPU
		Droid|iPhone = Droid|iPhone
		Droid|iPhoneSimulator = Droid|iPhoneSimulator
		GRL|Any CPU = GRL|Any CPU
		GRL|iPhone = GRL|iPhone
		GRL|iPhoneSimulator = GRL|iPhoneSimulator
		Release|Any CPU = Release|Any CPU
		Release|iPhone = Release|iPhone
		Release|iPhoneSimulator = Release|iPhoneSimulator
		ServiceDebug|Any CPU = ServiceDebug|Any CPU
		ServiceDebug|iPhone = ServiceDebug|iPhone
		ServiceDebug|iPhoneSimulator = ServiceDebug|iPhoneSimulator
	EndGlobalSection
	GlobalSection(ProjectConfigurationPlatforms) = postSolution
		{DB7F94F7-B95D-480C-A2C8-4CBD4AE8074A}.Ad-Hoc|Any CPU.ActiveCfg = Release|Any CPU
		{DB7F94F7-B95D-480C-A2C8-4CBD4AE8074A}.Ad-Hoc|Any CPU.Build.0 = Release|Any CPU
		{DB7F94F7-B95D-480C-A2C8-4CBD4AE8074A}.Ad-Hoc|Any CPU.Deploy.0 = Release|Any CPU
		{DB7F94F7-B95D-480C-A2C8-4CBD4AE8074A}.Ad-Hoc|iPhone.ActiveCfg = Release|Any CPU
		{DB7F94F7-B95D-480C-A2C8-4CBD4AE8074A}.Ad-Hoc|iPhone.Build.0 = Release|Any CPU
		{DB7F94F7-B95D-480C-A2C8-4CBD4AE8074A}.Ad-Hoc|iPhone.Deploy.0 = Release|Any CPU
		{DB7F94F7-B95D-480C-A2C8-4CBD4AE8074A}.Ad-Hoc|iPhoneSimulator.ActiveCfg = Release|Any CPU
		{DB7F94F7-B95D-480C-A2C8-4CBD4AE8074A}.Ad-Hoc|iPhoneSimulator.Build.0 = Release|Any CPU
		{DB7F94F7-B95D-480C-A2C8-4CBD4AE8074A}.Ad-Hoc|iPhoneSimulator.Deploy.0 = Release|Any CPU
		{DB7F94F7-B95D-480C-A2C8-4CBD4AE8074A}.AppStore|Any CPU.ActiveCfg = Release|Any CPU
		{DB7F94F7-B95D-480C-A2C8-4CBD4AE8074A}.AppStore|Any CPU.Build.0 = Release|Any CPU
		{DB7F94F7-B95D-480C-A2C8-4CBD4AE8074A}.AppStore|Any CPU.Deploy.0 = Release|Any CPU
		{DB7F94F7-B95D-480C-A2C8-4CBD4AE8074A}.AppStore|iPhone.ActiveCfg = Release|Any CPU
		{DB7F94F7-B95D-480C-A2C8-4CBD4AE8074A}.AppStore|iPhone.Build.0 = Release|Any CPU
		{DB7F94F7-B95D-480C-A2C8-4CBD4AE8074A}.AppStore|iPhone.Deploy.0 = Release|Any CPU
		{DB7F94F7-B95D-480C-A2C8-4CBD4AE8074A}.AppStore|iPhoneSimulator.ActiveCfg = Release|Any CPU
		{DB7F94F7-B95D-480C-A2C8-4CBD4AE8074A}.AppStore|iPhoneSimulator.Build.0 = Release|Any CPU
		{DB7F94F7-B95D-480C-A2C8-4CBD4AE8074A}.AppStore|iPhoneSimulator.Deploy.0 = Release|Any CPU
		{DB7F94F7-B95D-480C-A2C8-4CBD4AE8074A}.Debug|Any CPU.ActiveCfg = Debug|Any CPU
		{DB7F94F7-B95D-480C-A2C8-4CBD4AE8074A}.Debug|Any CPU.Build.0 = Debug|Any CPU
		{DB7F94F7-B95D-480C-A2C8-4CBD4AE8074A}.Debug|Any CPU.Deploy.0 = Debug|Any CPU
		{DB7F94F7-B95D-480C-A2C8-4CBD4AE8074A}.Debug|iPhone.ActiveCfg = Debug|Any CPU
		{DB7F94F7-B95D-480C-A2C8-4CBD4AE8074A}.Debug|iPhone.Build.0 = Debug|Any CPU
		{DB7F94F7-B95D-480C-A2C8-4CBD4AE8074A}.Debug|iPhone.Deploy.0 = Debug|Any CPU
		{DB7F94F7-B95D-480C-A2C8-4CBD4AE8074A}.Debug|iPhoneSimulator.ActiveCfg = Debug|Any CPU
		{DB7F94F7-B95D-480C-A2C8-4CBD4AE8074A}.Debug|iPhoneSimulator.Build.0 = Debug|Any CPU
		{DB7F94F7-B95D-480C-A2C8-4CBD4AE8074A}.Debug|iPhoneSimulator.Deploy.0 = Debug|Any CPU
		{DB7F94F7-B95D-480C-A2C8-4CBD4AE8074A}.Droid|Any CPU.ActiveCfg = Droid|Any CPU
		{DB7F94F7-B95D-480C-A2C8-4CBD4AE8074A}.Droid|Any CPU.Build.0 = Droid|Any CPU
		{DB7F94F7-B95D-480C-A2C8-4CBD4AE8074A}.Droid|Any CPU.Deploy.0 = Droid|Any CPU
		{DB7F94F7-B95D-480C-A2C8-4CBD4AE8074A}.Droid|iPhone.ActiveCfg = Droid|Any CPU
		{DB7F94F7-B95D-480C-A2C8-4CBD4AE8074A}.Droid|iPhone.Build.0 = Droid|Any CPU
		{DB7F94F7-B95D-480C-A2C8-4CBD4AE8074A}.Droid|iPhone.Deploy.0 = Droid|Any CPU
		{DB7F94F7-B95D-480C-A2C8-4CBD4AE8074A}.Droid|iPhoneSimulator.ActiveCfg = Droid|Any CPU
		{DB7F94F7-B95D-480C-A2C8-4CBD4AE8074A}.Droid|iPhoneSimulator.Build.0 = Droid|Any CPU
		{DB7F94F7-B95D-480C-A2C8-4CBD4AE8074A}.Droid|iPhoneSimulator.Deploy.0 = Droid|Any CPU
		{DB7F94F7-B95D-480C-A2C8-4CBD4AE8074A}.GRL|Any CPU.ActiveCfg = GRL|Any CPU
		{DB7F94F7-B95D-480C-A2C8-4CBD4AE8074A}.GRL|Any CPU.Build.0 = GRL|Any CPU
		{DB7F94F7-B95D-480C-A2C8-4CBD4AE8074A}.GRL|Any CPU.Deploy.0 = GRL|Any CPU
		{DB7F94F7-B95D-480C-A2C8-4CBD4AE8074A}.GRL|iPhone.ActiveCfg = GRL|Any CPU
		{DB7F94F7-B95D-480C-A2C8-4CBD4AE8074A}.GRL|iPhone.Build.0 = GRL|Any CPU
		{DB7F94F7-B95D-480C-A2C8-4CBD4AE8074A}.GRL|iPhone.Deploy.0 = GRL|Any CPU
		{DB7F94F7-B95D-480C-A2C8-4CBD4AE8074A}.GRL|iPhoneSimulator.ActiveCfg = GRL|Any CPU
		{DB7F94F7-B95D-480C-A2C8-4CBD4AE8074A}.GRL|iPhoneSimulator.Build.0 = GRL|Any CPU
		{DB7F94F7-B95D-480C-A2C8-4CBD4AE8074A}.GRL|iPhoneSimulator.Deploy.0 = GRL|Any CPU
		{DB7F94F7-B95D-480C-A2C8-4CBD4AE8074A}.Release|Any CPU.ActiveCfg = Release|Any CPU
		{DB7F94F7-B95D-480C-A2C8-4CBD4AE8074A}.Release|Any CPU.Build.0 = Release|Any CPU
		{DB7F94F7-B95D-480C-A2C8-4CBD4AE8074A}.Release|Any CPU.Deploy.0 = Release|Any CPU
		{DB7F94F7-B95D-480C-A2C8-4CBD4AE8074A}.Release|iPhone.ActiveCfg = Release|Any CPU
		{DB7F94F7-B95D-480C-A2C8-4CBD4AE8074A}.Release|iPhone.Build.0 = Release|Any CPU
		{DB7F94F7-B95D-480C-A2C8-4CBD4AE8074A}.Release|iPhone.Deploy.0 = Release|Any CPU
		{DB7F94F7-B95D-480C-A2C8-4CBD4AE8074A}.Release|iPhoneSimulator.ActiveCfg = Release|Any CPU
		{DB7F94F7-B95D-480C-A2C8-4CBD4AE8074A}.Release|iPhoneSimulator.Build.0 = Release|Any CPU
		{DB7F94F7-B95D-480C-A2C8-4CBD4AE8074A}.Release|iPhoneSimulator.Deploy.0 = Release|Any CPU
		{DB7F94F7-B95D-480C-A2C8-4CBD4AE8074A}.ServiceDebug|Any CPU.ActiveCfg = ServiceDebug|Any CPU
		{DB7F94F7-B95D-480C-A2C8-4CBD4AE8074A}.ServiceDebug|iPhone.ActiveCfg = ServiceDebug|Any CPU
		{DB7F94F7-B95D-480C-A2C8-4CBD4AE8074A}.ServiceDebug|iPhone.Build.0 = ServiceDebug|Any CPU
		{DB7F94F7-B95D-480C-A2C8-4CBD4AE8074A}.ServiceDebug|iPhone.Deploy.0 = ServiceDebug|Any CPU
		{DB7F94F7-B95D-480C-A2C8-4CBD4AE8074A}.ServiceDebug|iPhoneSimulator.ActiveCfg = ServiceDebug|Any CPU
		{DB7F94F7-B95D-480C-A2C8-4CBD4AE8074A}.ServiceDebug|iPhoneSimulator.Build.0 = ServiceDebug|Any CPU
		{DB7F94F7-B95D-480C-A2C8-4CBD4AE8074A}.ServiceDebug|iPhoneSimulator.Deploy.0 = ServiceDebug|Any CPU
		{663630E4-C17C-4F2C-A52E-FF97C2D07141}.Ad-Hoc|Any CPU.ActiveCfg = Ad-Hoc|iPhone
		{663630E4-C17C-4F2C-A52E-FF97C2D07141}.Ad-Hoc|Any CPU.Build.0 = Ad-Hoc|iPhone
		{663630E4-C17C-4F2C-A52E-FF97C2D07141}.Ad-Hoc|Any CPU.Deploy.0 = Ad-Hoc|iPhone
		{663630E4-C17C-4F2C-A52E-FF97C2D07141}.Ad-Hoc|iPhone.ActiveCfg = Ad-Hoc|iPhone
		{663630E4-C17C-4F2C-A52E-FF97C2D07141}.Ad-Hoc|iPhone.Build.0 = Ad-Hoc|iPhone
		{663630E4-C17C-4F2C-A52E-FF97C2D07141}.Ad-Hoc|iPhone.Deploy.0 = Ad-Hoc|iPhone
		{663630E4-C17C-4F2C-A52E-FF97C2D07141}.Ad-Hoc|iPhoneSimulator.ActiveCfg = Ad-Hoc|iPhoneSimulator
		{663630E4-C17C-4F2C-A52E-FF97C2D07141}.Ad-Hoc|iPhoneSimulator.Build.0 = Ad-Hoc|iPhoneSimulator
		{663630E4-C17C-4F2C-A52E-FF97C2D07141}.Ad-Hoc|iPhoneSimulator.Deploy.0 = Ad-Hoc|iPhoneSimulator
		{663630E4-C17C-4F2C-A52E-FF97C2D07141}.AppStore|Any CPU.ActiveCfg = AppStore|iPhone
		{663630E4-C17C-4F2C-A52E-FF97C2D07141}.AppStore|Any CPU.Build.0 = AppStore|iPhone
		{663630E4-C17C-4F2C-A52E-FF97C2D07141}.AppStore|Any CPU.Deploy.0 = AppStore|iPhone
		{663630E4-C17C-4F2C-A52E-FF97C2D07141}.AppStore|iPhone.ActiveCfg = AppStore|iPhone
		{663630E4-C17C-4F2C-A52E-FF97C2D07141}.AppStore|iPhone.Build.0 = AppStore|iPhone
		{663630E4-C17C-4F2C-A52E-FF97C2D07141}.AppStore|iPhone.Deploy.0 = AppStore|iPhone
		{663630E4-C17C-4F2C-A52E-FF97C2D07141}.AppStore|iPhoneSimulator.ActiveCfg = AppStore|iPhoneSimulator
		{663630E4-C17C-4F2C-A52E-FF97C2D07141}.AppStore|iPhoneSimulator.Build.0 = AppStore|iPhoneSimulator
		{663630E4-C17C-4F2C-A52E-FF97C2D07141}.AppStore|iPhoneSimulator.Deploy.0 = AppStore|iPhoneSimulator
		{663630E4-C17C-4F2C-A52E-FF97C2D07141}.Debug|Any CPU.ActiveCfg = Debug|iPhoneSimulator
		{663630E4-C17C-4F2C-A52E-FF97C2D07141}.Debug|Any CPU.Build.0 = Debug|iPhoneSimulator
		{663630E4-C17C-4F2C-A52E-FF97C2D07141}.Debug|Any CPU.Deploy.0 = Debug|iPhoneSimulator
		{663630E4-C17C-4F2C-A52E-FF97C2D07141}.Debug|iPhone.ActiveCfg = Debug|iPhone
		{663630E4-C17C-4F2C-A52E-FF97C2D07141}.Debug|iPhone.Build.0 = Debug|iPhone
		{663630E4-C17C-4F2C-A52E-FF97C2D07141}.Debug|iPhone.Deploy.0 = Debug|iPhone
		{663630E4-C17C-4F2C-A52E-FF97C2D07141}.Debug|iPhoneSimulator.ActiveCfg = Debug|iPhoneSimulator
		{663630E4-C17C-4F2C-A52E-FF97C2D07141}.Debug|iPhoneSimulator.Build.0 = Debug|iPhoneSimulator
		{663630E4-C17C-4F2C-A52E-FF97C2D07141}.Debug|iPhoneSimulator.Deploy.0 = Debug|iPhoneSimulator
		{663630E4-C17C-4F2C-A52E-FF97C2D07141}.Droid|Any CPU.ActiveCfg = Droid|iPhone
		{663630E4-C17C-4F2C-A52E-FF97C2D07141}.Droid|iPhone.ActiveCfg = Droid|iPhone
		{663630E4-C17C-4F2C-A52E-FF97C2D07141}.Droid|iPhone.Build.0 = Droid|iPhone
		{663630E4-C17C-4F2C-A52E-FF97C2D07141}.Droid|iPhoneSimulator.ActiveCfg = Droid|iPhoneSimulator
		{663630E4-C17C-4F2C-A52E-FF97C2D07141}.Droid|iPhoneSimulator.Build.0 = Droid|iPhoneSimulator
		{663630E4-C17C-4F2C-A52E-FF97C2D07141}.GRL|Any CPU.ActiveCfg = GRL|iPhone
		{663630E4-C17C-4F2C-A52E-FF97C2D07141}.GRL|iPhone.ActiveCfg = GRL|iPhone
		{663630E4-C17C-4F2C-A52E-FF97C2D07141}.GRL|iPhone.Build.0 = GRL|iPhone
		{663630E4-C17C-4F2C-A52E-FF97C2D07141}.GRL|iPhoneSimulator.ActiveCfg = GRL|iPhoneSimulator
		{663630E4-C17C-4F2C-A52E-FF97C2D07141}.GRL|iPhoneSimulator.Build.0 = GRL|iPhoneSimulator
		{663630E4-C17C-4F2C-A52E-FF97C2D07141}.Release|Any CPU.ActiveCfg = Release|iPhone
		{663630E4-C17C-4F2C-A52E-FF97C2D07141}.Release|Any CPU.Build.0 = Release|iPhone
		{663630E4-C17C-4F2C-A52E-FF97C2D07141}.Release|Any CPU.Deploy.0 = Release|iPhone
		{663630E4-C17C-4F2C-A52E-FF97C2D07141}.Release|iPhone.ActiveCfg = Release|iPhone
		{663630E4-C17C-4F2C-A52E-FF97C2D07141}.Release|iPhone.Build.0 = Release|iPhone
		{663630E4-C17C-4F2C-A52E-FF97C2D07141}.Release|iPhone.Deploy.0 = Release|iPhone
		{663630E4-C17C-4F2C-A52E-FF97C2D07141}.Release|iPhoneSimulator.ActiveCfg = Release|iPhoneSimulator
		{663630E4-C17C-4F2C-A52E-FF97C2D07141}.Release|iPhoneSimulator.Build.0 = Release|iPhoneSimulator
		{663630E4-C17C-4F2C-A52E-FF97C2D07141}.Release|iPhoneSimulator.Deploy.0 = Release|iPhoneSimulator
		{663630E4-C17C-4F2C-A52E-FF97C2D07141}.ServiceDebug|Any CPU.ActiveCfg = ServiceDebug|iPhone
		{663630E4-C17C-4F2C-A52E-FF97C2D07141}.ServiceDebug|iPhone.ActiveCfg = ServiceDebug|iPhone
		{663630E4-C17C-4F2C-A52E-FF97C2D07141}.ServiceDebug|iPhone.Build.0 = ServiceDebug|iPhone
		{663630E4-C17C-4F2C-A52E-FF97C2D07141}.ServiceDebug|iPhoneSimulator.ActiveCfg = ServiceDebug|iPhoneSimulator
		{663630E4-C17C-4F2C-A52E-FF97C2D07141}.ServiceDebug|iPhoneSimulator.Build.0 = ServiceDebug|iPhoneSimulator
		{E1152548-6E7F-4982-AC4C-134494AB31ED}.Ad-Hoc|Any CPU.ActiveCfg = Debug|Any CPU
		{E1152548-6E7F-4982-AC4C-134494AB31ED}.Ad-Hoc|Any CPU.Build.0 = Debug|Any CPU
		{E1152548-6E7F-4982-AC4C-134494AB31ED}.Ad-Hoc|iPhone.ActiveCfg = Debug|Any CPU
		{E1152548-6E7F-4982-AC4C-134494AB31ED}.Ad-Hoc|iPhone.Build.0 = Debug|Any CPU
		{E1152548-6E7F-4982-AC4C-134494AB31ED}.Ad-Hoc|iPhoneSimulator.ActiveCfg = Debug|Any CPU
		{E1152548-6E7F-4982-AC4C-134494AB31ED}.Ad-Hoc|iPhoneSimulator.Build.0 = Debug|Any CPU
		{E1152548-6E7F-4982-AC4C-134494AB31ED}.AppStore|Any CPU.ActiveCfg = Debug|Any CPU
		{E1152548-6E7F-4982-AC4C-134494AB31ED}.AppStore|Any CPU.Build.0 = Debug|Any CPU
		{E1152548-6E7F-4982-AC4C-134494AB31ED}.AppStore|iPhone.ActiveCfg = Debug|Any CPU
		{E1152548-6E7F-4982-AC4C-134494AB31ED}.AppStore|iPhone.Build.0 = Debug|Any CPU
		{E1152548-6E7F-4982-AC4C-134494AB31ED}.AppStore|iPhoneSimulator.ActiveCfg = Debug|Any CPU
		{E1152548-6E7F-4982-AC4C-134494AB31ED}.AppStore|iPhoneSimulator.Build.0 = Debug|Any CPU
		{E1152548-6E7F-4982-AC4C-134494AB31ED}.Debug|Any CPU.ActiveCfg = Debug|Any CPU
		{E1152548-6E7F-4982-AC4C-134494AB31ED}.Debug|Any CPU.Build.0 = Debug|Any CPU
		{E1152548-6E7F-4982-AC4C-134494AB31ED}.Debug|iPhone.ActiveCfg = Debug|Any CPU
		{E1152548-6E7F-4982-AC4C-134494AB31ED}.Debug|iPhone.Build.0 = Debug|Any CPU
		{E1152548-6E7F-4982-AC4C-134494AB31ED}.Debug|iPhoneSimulator.ActiveCfg = Debug|Any CPU
		{E1152548-6E7F-4982-AC4C-134494AB31ED}.Debug|iPhoneSimulator.Build.0 = Debug|Any CPU
		{E1152548-6E7F-4982-AC4C-134494AB31ED}.Droid|Any CPU.ActiveCfg = Droid|Any CPU
		{E1152548-6E7F-4982-AC4C-134494AB31ED}.Droid|Any CPU.Build.0 = Droid|Any CPU
		{E1152548-6E7F-4982-AC4C-134494AB31ED}.Droid|iPhone.ActiveCfg = Droid|Any CPU
		{E1152548-6E7F-4982-AC4C-134494AB31ED}.Droid|iPhone.Build.0 = Droid|Any CPU
		{E1152548-6E7F-4982-AC4C-134494AB31ED}.Droid|iPhoneSimulator.ActiveCfg = Droid|Any CPU
		{E1152548-6E7F-4982-AC4C-134494AB31ED}.Droid|iPhoneSimulator.Build.0 = Droid|Any CPU
		{E1152548-6E7F-4982-AC4C-134494AB31ED}.GRL|Any CPU.ActiveCfg = GRL|Any CPU
		{E1152548-6E7F-4982-AC4C-134494AB31ED}.GRL|Any CPU.Build.0 = GRL|Any CPU
		{E1152548-6E7F-4982-AC4C-134494AB31ED}.GRL|iPhone.ActiveCfg = GRL|Any CPU
		{E1152548-6E7F-4982-AC4C-134494AB31ED}.GRL|iPhone.Build.0 = GRL|Any CPU
		{E1152548-6E7F-4982-AC4C-134494AB31ED}.GRL|iPhoneSimulator.ActiveCfg = GRL|Any CPU
		{E1152548-6E7F-4982-AC4C-134494AB31ED}.GRL|iPhoneSimulator.Build.0 = GRL|Any CPU
		{E1152548-6E7F-4982-AC4C-134494AB31ED}.Release|Any CPU.ActiveCfg = Release|Any CPU
		{E1152548-6E7F-4982-AC4C-134494AB31ED}.Release|Any CPU.Build.0 = Release|Any CPU
		{E1152548-6E7F-4982-AC4C-134494AB31ED}.Release|iPhone.ActiveCfg = Release|Any CPU
		{E1152548-6E7F-4982-AC4C-134494AB31ED}.Release|iPhone.Build.0 = Release|Any CPU
		{E1152548-6E7F-4982-AC4C-134494AB31ED}.Release|iPhoneSimulator.ActiveCfg = Release|Any CPU
		{E1152548-6E7F-4982-AC4C-134494AB31ED}.Release|iPhoneSimulator.Build.0 = Release|Any CPU
		{E1152548-6E7F-4982-AC4C-134494AB31ED}.ServiceDebug|Any CPU.ActiveCfg = ServiceDebug|Any CPU
		{E1152548-6E7F-4982-AC4C-134494AB31ED}.ServiceDebug|iPhone.ActiveCfg = ServiceDebug|Any CPU
		{E1152548-6E7F-4982-AC4C-134494AB31ED}.ServiceDebug|iPhone.Build.0 = ServiceDebug|Any CPU
		{E1152548-6E7F-4982-AC4C-134494AB31ED}.ServiceDebug|iPhoneSimulator.ActiveCfg = ServiceDebug|Any CPU
		{E1152548-6E7F-4982-AC4C-134494AB31ED}.ServiceDebug|iPhoneSimulator.Build.0 = ServiceDebug|Any CPU
		{C23F9664-4CA1-4A4D-9B17-6CA3A98A173D}.Ad-Hoc|Any CPU.ActiveCfg = Release|Any CPU
		{C23F9664-4CA1-4A4D-9B17-6CA3A98A173D}.Ad-Hoc|Any CPU.Build.0 = Release|Any CPU
		{C23F9664-4CA1-4A4D-9B17-6CA3A98A173D}.Ad-Hoc|iPhone.ActiveCfg = Release|Any CPU
		{C23F9664-4CA1-4A4D-9B17-6CA3A98A173D}.Ad-Hoc|iPhone.Build.0 = Release|Any CPU
		{C23F9664-4CA1-4A4D-9B17-6CA3A98A173D}.Ad-Hoc|iPhoneSimulator.ActiveCfg = Release|Any CPU
		{C23F9664-4CA1-4A4D-9B17-6CA3A98A173D}.Ad-Hoc|iPhoneSimulator.Build.0 = Release|Any CPU
		{C23F9664-4CA1-4A4D-9B17-6CA3A98A173D}.AppStore|Any CPU.ActiveCfg = Release|Any CPU
		{C23F9664-4CA1-4A4D-9B17-6CA3A98A173D}.AppStore|Any CPU.Build.0 = Release|Any CPU
		{C23F9664-4CA1-4A4D-9B17-6CA3A98A173D}.AppStore|iPhone.ActiveCfg = Release|Any CPU
		{C23F9664-4CA1-4A4D-9B17-6CA3A98A173D}.AppStore|iPhone.Build.0 = Release|Any CPU
		{C23F9664-4CA1-4A4D-9B17-6CA3A98A173D}.AppStore|iPhoneSimulator.ActiveCfg = Release|Any CPU
		{C23F9664-4CA1-4A4D-9B17-6CA3A98A173D}.AppStore|iPhoneSimulator.Build.0 = Release|Any CPU
		{C23F9664-4CA1-4A4D-9B17-6CA3A98A173D}.Debug|Any CPU.ActiveCfg = Debug|Any CPU
		{C23F9664-4CA1-4A4D-9B17-6CA3A98A173D}.Debug|Any CPU.Build.0 = Debug|Any CPU
		{C23F9664-4CA1-4A4D-9B17-6CA3A98A173D}.Debug|iPhone.ActiveCfg = Debug|Any CPU
		{C23F9664-4CA1-4A4D-9B17-6CA3A98A173D}.Debug|iPhone.Build.0 = Debug|Any CPU
		{C23F9664-4CA1-4A4D-9B17-6CA3A98A173D}.Debug|iPhoneSimulator.ActiveCfg = Debug|Any CPU
		{C23F9664-4CA1-4A4D-9B17-6CA3A98A173D}.Debug|iPhoneSimulator.Build.0 = Debug|Any CPU
		{C23F9664-4CA1-4A4D-9B17-6CA3A98A173D}.Droid|Any CPU.ActiveCfg = Debug|Any CPU
		{C23F9664-4CA1-4A4D-9B17-6CA3A98A173D}.Droid|Any CPU.Build.0 = Debug|Any CPU
		{C23F9664-4CA1-4A4D-9B17-6CA3A98A173D}.Droid|iPhone.ActiveCfg = Debug|Any CPU
		{C23F9664-4CA1-4A4D-9B17-6CA3A98A173D}.Droid|iPhone.Build.0 = Debug|Any CPU
		{C23F9664-4CA1-4A4D-9B17-6CA3A98A173D}.Droid|iPhoneSimulator.ActiveCfg = Debug|Any CPU
		{C23F9664-4CA1-4A4D-9B17-6CA3A98A173D}.Droid|iPhoneSimulator.Build.0 = Debug|Any CPU
		{C23F9664-4CA1-4A4D-9B17-6CA3A98A173D}.GRL|Any CPU.ActiveCfg = Release|Any CPU
		{C23F9664-4CA1-4A4D-9B17-6CA3A98A173D}.GRL|Any CPU.Build.0 = Release|Any CPU
		{C23F9664-4CA1-4A4D-9B17-6CA3A98A173D}.GRL|iPhone.ActiveCfg = Release|Any CPU
		{C23F9664-4CA1-4A4D-9B17-6CA3A98A173D}.GRL|iPhone.Build.0 = Release|Any CPU
		{C23F9664-4CA1-4A4D-9B17-6CA3A98A173D}.GRL|iPhoneSimulator.ActiveCfg = Release|Any CPU
		{C23F9664-4CA1-4A4D-9B17-6CA3A98A173D}.GRL|iPhoneSimulator.Build.0 = Release|Any CPU
		{C23F9664-4CA1-4A4D-9B17-6CA3A98A173D}.Release|Any CPU.ActiveCfg = Release|Any CPU
		{C23F9664-4CA1-4A4D-9B17-6CA3A98A173D}.Release|Any CPU.Build.0 = Release|Any CPU
		{C23F9664-4CA1-4A4D-9B17-6CA3A98A173D}.Release|iPhone.ActiveCfg = Release|Any CPU
		{C23F9664-4CA1-4A4D-9B17-6CA3A98A173D}.Release|iPhone.Build.0 = Release|Any CPU
		{C23F9664-4CA1-4A4D-9B17-6CA3A98A173D}.Release|iPhoneSimulator.ActiveCfg = Release|Any CPU
		{C23F9664-4CA1-4A4D-9B17-6CA3A98A173D}.Release|iPhoneSimulator.Build.0 = Release|Any CPU
		{C23F9664-4CA1-4A4D-9B17-6CA3A98A173D}.ServiceDebug|Any CPU.ActiveCfg = Debug|Any CPU
		{C23F9664-4CA1-4A4D-9B17-6CA3A98A173D}.ServiceDebug|Any CPU.Build.0 = Debug|Any CPU
		{C23F9664-4CA1-4A4D-9B17-6CA3A98A173D}.ServiceDebug|iPhone.ActiveCfg = Debug|Any CPU
		{C23F9664-4CA1-4A4D-9B17-6CA3A98A173D}.ServiceDebug|iPhone.Build.0 = Debug|Any CPU
		{C23F9664-4CA1-4A4D-9B17-6CA3A98A173D}.ServiceDebug|iPhoneSimulator.ActiveCfg = Debug|Any CPU
		{C23F9664-4CA1-4A4D-9B17-6CA3A98A173D}.ServiceDebug|iPhoneSimulator.Build.0 = Debug|Any CPU
		{F1EDEBA3-8210-476A-AAEE-80E2ADA3E46C}.Ad-Hoc|Any CPU.ActiveCfg = Release|Any CPU
		{F1EDEBA3-8210-476A-AAEE-80E2ADA3E46C}.Ad-Hoc|Any CPU.Build.0 = Release|Any CPU
		{F1EDEBA3-8210-476A-AAEE-80E2ADA3E46C}.Ad-Hoc|iPhone.ActiveCfg = Release|Any CPU
		{F1EDEBA3-8210-476A-AAEE-80E2ADA3E46C}.Ad-Hoc|iPhone.Build.0 = Release|Any CPU
		{F1EDEBA3-8210-476A-AAEE-80E2ADA3E46C}.Ad-Hoc|iPhoneSimulator.ActiveCfg = Release|Any CPU
		{F1EDEBA3-8210-476A-AAEE-80E2ADA3E46C}.Ad-Hoc|iPhoneSimulator.Build.0 = Release|Any CPU
		{F1EDEBA3-8210-476A-AAEE-80E2ADA3E46C}.AppStore|Any CPU.ActiveCfg = Release|Any CPU
		{F1EDEBA3-8210-476A-AAEE-80E2ADA3E46C}.AppStore|Any CPU.Build.0 = Release|Any CPU
		{F1EDEBA3-8210-476A-AAEE-80E2ADA3E46C}.AppStore|iPhone.ActiveCfg = Release|Any CPU
		{F1EDEBA3-8210-476A-AAEE-80E2ADA3E46C}.AppStore|iPhone.Build.0 = Release|Any CPU
		{F1EDEBA3-8210-476A-AAEE-80E2ADA3E46C}.AppStore|iPhoneSimulator.ActiveCfg = Release|Any CPU
		{F1EDEBA3-8210-476A-AAEE-80E2ADA3E46C}.AppStore|iPhoneSimulator.Build.0 = Release|Any CPU
		{F1EDEBA3-8210-476A-AAEE-80E2ADA3E46C}.Debug|Any CPU.ActiveCfg = Debug|Any CPU
		{F1EDEBA3-8210-476A-AAEE-80E2ADA3E46C}.Debug|Any CPU.Build.0 = Debug|Any CPU
		{F1EDEBA3-8210-476A-AAEE-80E2ADA3E46C}.Debug|iPhone.ActiveCfg = Debug|Any CPU
		{F1EDEBA3-8210-476A-AAEE-80E2ADA3E46C}.Debug|iPhone.Build.0 = Debug|Any CPU
		{F1EDEBA3-8210-476A-AAEE-80E2ADA3E46C}.Debug|iPhoneSimulator.ActiveCfg = Debug|Any CPU
		{F1EDEBA3-8210-476A-AAEE-80E2ADA3E46C}.Debug|iPhoneSimulator.Build.0 = Debug|Any CPU
		{F1EDEBA3-8210-476A-AAEE-80E2ADA3E46C}.Droid|Any CPU.ActiveCfg = Debug|Any CPU
		{F1EDEBA3-8210-476A-AAEE-80E2ADA3E46C}.Droid|Any CPU.Build.0 = Debug|Any CPU
		{F1EDEBA3-8210-476A-AAEE-80E2ADA3E46C}.Droid|iPhone.ActiveCfg = Debug|Any CPU
		{F1EDEBA3-8210-476A-AAEE-80E2ADA3E46C}.Droid|iPhone.Build.0 = Debug|Any CPU
		{F1EDEBA3-8210-476A-AAEE-80E2ADA3E46C}.Droid|iPhoneSimulator.ActiveCfg = Debug|Any CPU
		{F1EDEBA3-8210-476A-AAEE-80E2ADA3E46C}.Droid|iPhoneSimulator.Build.0 = Debug|Any CPU
		{F1EDEBA3-8210-476A-AAEE-80E2ADA3E46C}.GRL|Any CPU.ActiveCfg = Release|Any CPU
		{F1EDEBA3-8210-476A-AAEE-80E2ADA3E46C}.GRL|Any CPU.Build.0 = Release|Any CPU
		{F1EDEBA3-8210-476A-AAEE-80E2ADA3E46C}.GRL|iPhone.ActiveCfg = Release|Any CPU
		{F1EDEBA3-8210-476A-AAEE-80E2ADA3E46C}.GRL|iPhone.Build.0 = Release|Any CPU
		{F1EDEBA3-8210-476A-AAEE-80E2ADA3E46C}.GRL|iPhoneSimulator.ActiveCfg = Release|Any CPU
		{F1EDEBA3-8210-476A-AAEE-80E2ADA3E46C}.GRL|iPhoneSimulator.Build.0 = Release|Any CPU
		{F1EDEBA3-8210-476A-AAEE-80E2ADA3E46C}.Release|Any CPU.ActiveCfg = Release|Any CPU
		{F1EDEBA3-8210-476A-AAEE-80E2ADA3E46C}.Release|Any CPU.Build.0 = Release|Any CPU
		{F1EDEBA3-8210-476A-AAEE-80E2ADA3E46C}.Release|iPhone.ActiveCfg = Release|Any CPU
		{F1EDEBA3-8210-476A-AAEE-80E2ADA3E46C}.Release|iPhone.Build.0 = Release|Any CPU
		{F1EDEBA3-8210-476A-AAEE-80E2ADA3E46C}.Release|iPhoneSimulator.ActiveCfg = Release|Any CPU
		{F1EDEBA3-8210-476A-AAEE-80E2ADA3E46C}.Release|iPhoneSimulator.Build.0 = Release|Any CPU
		{F1EDEBA3-8210-476A-AAEE-80E2ADA3E46C}.ServiceDebug|Any CPU.ActiveCfg = Debug|Any CPU
		{F1EDEBA3-8210-476A-AAEE-80E2ADA3E46C}.ServiceDebug|Any CPU.Build.0 = Debug|Any CPU
		{F1EDEBA3-8210-476A-AAEE-80E2ADA3E46C}.ServiceDebug|iPhone.ActiveCfg = Debug|Any CPU
		{F1EDEBA3-8210-476A-AAEE-80E2ADA3E46C}.ServiceDebug|iPhone.Build.0 = Debug|Any CPU
		{F1EDEBA3-8210-476A-AAEE-80E2ADA3E46C}.ServiceDebug|iPhoneSimulator.ActiveCfg = Debug|Any CPU
		{F1EDEBA3-8210-476A-AAEE-80E2ADA3E46C}.ServiceDebug|iPhoneSimulator.Build.0 = Debug|Any CPU
		{BC6B8C89-0C79-4FE2-825D-61592F79CD1B}.Ad-Hoc|Any CPU.ActiveCfg = Debug|Any CPU
		{BC6B8C89-0C79-4FE2-825D-61592F79CD1B}.Ad-Hoc|Any CPU.Build.0 = Debug|Any CPU
		{BC6B8C89-0C79-4FE2-825D-61592F79CD1B}.Ad-Hoc|iPhone.ActiveCfg = Debug|Any CPU
		{BC6B8C89-0C79-4FE2-825D-61592F79CD1B}.Ad-Hoc|iPhone.Build.0 = Debug|Any CPU
		{BC6B8C89-0C79-4FE2-825D-61592F79CD1B}.Ad-Hoc|iPhoneSimulator.ActiveCfg = Debug|Any CPU
		{BC6B8C89-0C79-4FE2-825D-61592F79CD1B}.Ad-Hoc|iPhoneSimulator.Build.0 = Debug|Any CPU
		{BC6B8C89-0C79-4FE2-825D-61592F79CD1B}.AppStore|Any CPU.ActiveCfg = Debug|Any CPU
		{BC6B8C89-0C79-4FE2-825D-61592F79CD1B}.AppStore|Any CPU.Build.0 = Debug|Any CPU
		{BC6B8C89-0C79-4FE2-825D-61592F79CD1B}.AppStore|iPhone.ActiveCfg = Debug|Any CPU
		{BC6B8C89-0C79-4FE2-825D-61592F79CD1B}.AppStore|iPhone.Build.0 = Debug|Any CPU
		{BC6B8C89-0C79-4FE2-825D-61592F79CD1B}.AppStore|iPhoneSimulator.ActiveCfg = Debug|Any CPU
		{BC6B8C89-0C79-4FE2-825D-61592F79CD1B}.AppStore|iPhoneSimulator.Build.0 = Debug|Any CPU
		{BC6B8C89-0C79-4FE2-825D-61592F79CD1B}.Debug|Any CPU.ActiveCfg = Debug|Any CPU
		{BC6B8C89-0C79-4FE2-825D-61592F79CD1B}.Debug|Any CPU.Build.0 = Debug|Any CPU
		{BC6B8C89-0C79-4FE2-825D-61592F79CD1B}.Debug|iPhone.ActiveCfg = Debug|Any CPU
		{BC6B8C89-0C79-4FE2-825D-61592F79CD1B}.Debug|iPhone.Build.0 = Debug|Any CPU
		{BC6B8C89-0C79-4FE2-825D-61592F79CD1B}.Debug|iPhoneSimulator.ActiveCfg = Debug|Any CPU
		{BC6B8C89-0C79-4FE2-825D-61592F79CD1B}.Debug|iPhoneSimulator.Build.0 = Debug|Any CPU
		{BC6B8C89-0C79-4FE2-825D-61592F79CD1B}.Droid|Any CPU.ActiveCfg = Debug|Any CPU
		{BC6B8C89-0C79-4FE2-825D-61592F79CD1B}.Droid|Any CPU.Build.0 = Debug|Any CPU
		{BC6B8C89-0C79-4FE2-825D-61592F79CD1B}.Droid|iPhone.ActiveCfg = Debug|Any CPU
		{BC6B8C89-0C79-4FE2-825D-61592F79CD1B}.Droid|iPhone.Build.0 = Debug|Any CPU
		{BC6B8C89-0C79-4FE2-825D-61592F79CD1B}.Droid|iPhoneSimulator.ActiveCfg = Debug|Any CPU
		{BC6B8C89-0C79-4FE2-825D-61592F79CD1B}.Droid|iPhoneSimulator.Build.0 = Debug|Any CPU
		{BC6B8C89-0C79-4FE2-825D-61592F79CD1B}.GRL|Any CPU.ActiveCfg = Debug|Any CPU
		{BC6B8C89-0C79-4FE2-825D-61592F79CD1B}.GRL|Any CPU.Build.0 = Debug|Any CPU
		{BC6B8C89-0C79-4FE2-825D-61592F79CD1B}.GRL|iPhone.ActiveCfg = Debug|Any CPU
		{BC6B8C89-0C79-4FE2-825D-61592F79CD1B}.GRL|iPhone.Build.0 = Debug|Any CPU
		{BC6B8C89-0C79-4FE2-825D-61592F79CD1B}.GRL|iPhoneSimulator.ActiveCfg = Debug|Any CPU
		{BC6B8C89-0C79-4FE2-825D-61592F79CD1B}.GRL|iPhoneSimulator.Build.0 = Debug|Any CPU
		{BC6B8C89-0C79-4FE2-825D-61592F79CD1B}.Release|Any CPU.ActiveCfg = Release|Any CPU
		{BC6B8C89-0C79-4FE2-825D-61592F79CD1B}.Release|Any CPU.Build.0 = Release|Any CPU
		{BC6B8C89-0C79-4FE2-825D-61592F79CD1B}.Release|iPhone.ActiveCfg = Release|Any CPU
		{BC6B8C89-0C79-4FE2-825D-61592F79CD1B}.Release|iPhone.Build.0 = Release|Any CPU
		{BC6B8C89-0C79-4FE2-825D-61592F79CD1B}.Release|iPhoneSimulator.ActiveCfg = Release|Any CPU
		{BC6B8C89-0C79-4FE2-825D-61592F79CD1B}.Release|iPhoneSimulator.Build.0 = Release|Any CPU
		{BC6B8C89-0C79-4FE2-825D-61592F79CD1B}.ServiceDebug|Any CPU.ActiveCfg = Debug|Any CPU
		{BC6B8C89-0C79-4FE2-825D-61592F79CD1B}.ServiceDebug|Any CPU.Build.0 = Debug|Any CPU
		{BC6B8C89-0C79-4FE2-825D-61592F79CD1B}.ServiceDebug|iPhone.ActiveCfg = Debug|Any CPU
		{BC6B8C89-0C79-4FE2-825D-61592F79CD1B}.ServiceDebug|iPhone.Build.0 = Debug|Any CPU
		{BC6B8C89-0C79-4FE2-825D-61592F79CD1B}.ServiceDebug|iPhoneSimulator.ActiveCfg = Debug|Any CPU
		{BC6B8C89-0C79-4FE2-825D-61592F79CD1B}.ServiceDebug|iPhoneSimulator.Build.0 = Debug|Any CPU
	EndGlobalSection
	GlobalSection(SolutionProperties) = preSolution
		HideSolutionNode = FALSE
	EndGlobalSection
	GlobalSection(NestedProjects) = preSolution
		{DB7F94F7-B95D-480C-A2C8-4CBD4AE8074A} = {10584294-69C5-4D2F-BC04-53CA2659BC8B}
		{663630E4-C17C-4F2C-A52E-FF97C2D07141} = {10584294-69C5-4D2F-BC04-53CA2659BC8B}
		{E1152548-6E7F-4982-AC4C-134494AB31ED} = {10584294-69C5-4D2F-BC04-53CA2659BC8B}
		{C23F9664-4CA1-4A4D-9B17-6CA3A98A173D} = {10584294-69C5-4D2F-BC04-53CA2659BC8B}
		{F1EDEBA3-8210-476A-AAEE-80E2ADA3E46C} = {56BC8989-3712-405A-9153-BF32602A5107}
		{BC6B8C89-0C79-4FE2-825D-61592F79CD1B} = {56BC8989-3712-405A-9153-BF32602A5107}
	EndGlobalSection
	GlobalSection(ExtensibilityGlobals) = postSolution
		SolutionGuid = {3FD06203-DA82-4537-8661-DCC636A14C98}
	EndGlobalSection
EndGlobal
