
Microsoft Visual Studio Solution File, Format Version 12.00
# Visual Studio 15
VisualStudioVersion = 15.0.27703.1
MinimumVisualStudioVersion = 10.0.40219.1
Project("{FAE04EC0-301F-11D3-BF4B-00C04F79EFBC}") = "VolumerClient.Android", "VolumerClient\VolumerClient.Android\VolumerClient.Android.csproj", "{DB7F94F7-B95D-480C-A2C8-4CBD4AE8074A}"
EndProject
Project("{FAE04EC0-301F-11D3-BF4B-00C04F79EFBC}") = "VolumerClient.iOS", "VolumerClient\VolumerClient.iOS\VolumerClient.iOS.csproj", "{663630E4-C17C-4F2C-A52E-FF97C2D07141}"
EndProject
Project("{FAE04EC0-301F-11D3-BF4B-00C04F79EFBC}") = "VolumerClient", "VolumerClient\VolumerClient\VolumerClient.csproj", "{0ADF2ADA-980F-4987-98AC-A85D9AC71124}"
EndProject
Global
	GlobalSection(SolutionConfigurationPlatforms) = preSolution
		Ad-Hoc|Any CPU = Ad-Hoc|Any CPU
		Ad-Hoc|iPhone = Ad-Hoc|iPhone
		Ad-Hoc|iPhoneSimulator = Ad-Hoc|iPhoneSimulator
		AppStore|Any CPU = AppStore|Any CPU
		AppStore|iPhone = AppStore|iPhone
		AppStore|iPhoneSimulator = AppStore|iPhoneSimulator
		Debug|Any CPU = Debug|Any CPU
		Debug|iPhone = Debug|iPhone
		Debug|iPhoneSimulator = Debug|iPhoneSimulator
		Release|Any CPU = Release|Any CPU
		Release|iPhone = Release|iPhone
		Release|iPhoneSimulator = Release|iPhoneSimulator
	EndGlobalSection
	GlobalSection(ProjectConfigurationPlatforms) = postSolution
		{DB7F94F7-B95D-480C-A2C8-4CBD4AE8074A}.Ad-Hoc|Any CPU.ActiveCfg = Release|Any CPU
		{DB7F94F7-B95D-480C-A2C8-4CBD4AE8074A}.Ad-Hoc|Any CPU.Build.0 = Release|Any CPU
		{DB7F94F7-B95D-480C-A2C8-4CBD4AE8074A}.Ad-Hoc|Any CPU.Deploy.0 = Release|Any CPU
		{DB7F94F7-B95D-480C-A2C8-4CBD4AE8074A}.Ad-Hoc|iPhone.ActiveCfg = Release|Any CPU
		{DB7F94F7-B95D-480C-A2C8-4CBD4AE8074A}.Ad-Hoc|iPhone.Build.0 = Release|Any CPU
		{DB7F94F7-B95D-480C-A2C8-4CBD4AE8074A}.Ad-Hoc|iPhone.Deploy.0 = Release|Any CPU
		{DB7F94F7-B95D-480C-A2C8-4CBD4AE8074A}.Ad-Hoc|iPhoneSimulator.ActiveCfg = Release|Any CPU
		{DB7F94F7-B95D-480C-A2C8-4CBD4AE8074A}.Ad-Hoc|iPhoneSimulator.Build.0 = Release|Any CPU
		{DB7F94F7-B95D-480C-A2C8-4CBD4AE8074A}.Ad-Hoc|iPhoneSimulator.Deploy.0 = Release|Any CPU
		{DB7F94F7-B95D-480C-A2C8-4CBD4AE8074A}.AppStore|Any CPU.ActiveCfg = Release|Any CPU
		{DB7F94F7-B95D-480C-A2C8-4CBD4AE8074A}.AppStore|Any CPU.Build.0 = Release|Any CPU
		{DB7F94F7-B95D-480C-A2C8-4CBD4AE8074A}.AppStore|Any CPU.Deploy.0 = Release|Any CPU
		{DB7F94F7-B95D-480C-A2C8-4CBD4AE8074A}.AppStore|iPhone.ActiveCfg = Release|Any CPU
		{DB7F94F7-B95D-480C-A2C8-4CBD4AE8074A}.AppStore|iPhone.Build.0 = Release|Any CPU
		{DB7F94F7-B95D-480C-A2C8-4CBD4AE8074A}.AppStore|iPhone.Deploy.0 = Release|Any CPU
		{DB7F94F7-B95D-480C-A2C8-4CBD4AE8074A}.AppStore|iPhoneSimulator.ActiveCfg = Release|Any CPU
		{DB7F94F7-B95D-480C-A2C8-4CBD4AE8074A}.AppStore|iPhoneSimulator.Build.0 = Release|Any CPU
		{DB7F94F7-B95D-480C-A2C8-4CBD4AE8074A}.AppStore|iPhoneSimulator.Deploy.0 = Release|Any CPU
		{DB7F94F7-B95D-480C-A2C8-4CBD4AE8074A}.Debug|Any CPU.ActiveCfg = Debug|Any CPU
		{DB7F94F7-B95D-480C-A2C8-4CBD4AE8074A}.Debug|Any CPU.Build.0 = Debug|Any CPU
		{DB7F94F7-B95D-480C-A2C8-4CBD4AE8074A}.Debug|Any CPU.Deploy.0 = Debug|Any CPU
		{DB7F94F7-B95D-480C-A2C8-4CBD4AE8074A}.Debug|iPhone.ActiveCfg = Debug|Any CPU
		{DB7F94F7-B95D-480C-A2C8-4CBD4AE8074A}.Debug|iPhone.Build.0 = Debug|Any CPU
		{DB7F94F7-B95D-480C-A2C8-4CBD4AE8074A}.Debug|iPhone.Deploy.0 = Debug|Any CPU
		{DB7F94F7-B95D-480C-A2C8-4CBD4AE8074A}.Debug|iPhoneSimulator.ActiveCfg = Debug|Any CPU
		{DB7F94F7-B95D-480C-A2C8-4CBD4AE8074A}.Debug|iPhoneSimulator.Build.0 = Debug|Any CPU
		{DB7F94F7-B95D-480C-A2C8-4CBD4AE8074A}.Debug|iPhoneSimulator.Deploy.0 = Debug|Any CPU
		{DB7F94F7-B95D-480C-A2C8-4CBD4AE8074A}.Release|Any CPU.ActiveCfg = Release|Any CPU
		{DB7F94F7-B95D-480C-A2C8-4CBD4AE8074A}.Release|Any CPU.Build.0 = Release|Any CPU
		{DB7F94F7-B95D-480C-A2C8-4CBD4AE8074A}.Release|Any CPU.Deploy.0 = Release|Any CPU
		{DB7F94F7-B95D-480C-A2C8-4CBD4AE8074A}.Release|iPhone.ActiveCfg = Release|Any CPU
		{DB7F94F7-B95D-480C-A2C8-4CBD4AE8074A}.Release|iPhone.Build.0 = Release|Any CPU
		{DB7F94F7-B95D-480C-A2C8-4CBD4AE8074A}.Release|iPhone.Deploy.0 = Release|Any CPU
		{DB7F94F7-B95D-480C-A2C8-4CBD4AE8074A}.Release|iPhoneSimulator.ActiveCfg = Release|Any CPU
		{DB7F94F7-B95D-480C-A2C8-4CBD4AE8074A}.Release|iPhoneSimulator.Build.0 = Release|Any CPU
		{DB7F94F7-B95D-480C-A2C8-4CBD4AE8074A}.Release|iPhoneSimulator.Deploy.0 = Release|Any CPU
		{663630E4-C17C-4F2C-A52E-FF97C2D07141}.Ad-Hoc|Any CPU.ActiveCfg = Ad-Hoc|iPhone
		{663630E4-C17C-4F2C-A52E-FF97C2D07141}.Ad-Hoc|Any CPU.Build.0 = Ad-Hoc|iPhone
		{663630E4-C17C-4F2C-A52E-FF97C2D07141}.Ad-Hoc|Any CPU.Deploy.0 = Ad-Hoc|iPhone
		{663630E4-C17C-4F2C-A52E-FF97C2D07141}.Ad-Hoc|iPhone.ActiveCfg = Ad-Hoc|iPhone
		{663630E4-C17C-4F2C-A52E-FF97C2D07141}.Ad-Hoc|iPhone.Build.0 = Ad-Hoc|iPhone
		{663630E4-C17C-4F2C-A52E-FF97C2D07141}.Ad-Hoc|iPhone.Deploy.0 = Ad-Hoc|iPhone
		{663630E4-C17C-4F2C-A52E-FF97C2D07141}.Ad-Hoc|iPhoneSimulator.ActiveCfg = Ad-Hoc|iPhoneSimulator
		{663630E4-C17C-4F2C-A52E-FF97C2D07141}.Ad-Hoc|iPhoneSimulator.Build.0 = Ad-Hoc|iPhoneSimulator
		{663630E4-C17C-4F2C-A52E-FF97C2D07141}.Ad-Hoc|iPhoneSimulator.Deploy.0 = Ad-Hoc|iPhoneSimulator
		{663630E4-C17C-4F2C-A52E-FF97C2D07141}.AppStore|Any CPU.ActiveCfg = AppStore|iPhone
		{663630E4-C17C-4F2C-A52E-FF97C2D07141}.AppStore|Any CPU.Build.0 = AppStore|iPhone
		{663630E4-C17C-4F2C-A52E-FF97C2D07141}.AppStore|Any CPU.Deploy.0 = AppStore|iPhone
		{663630E4-C17C-4F2C-A52E-FF97C2D07141}.AppStore|iPhone.ActiveCfg = AppStore|iPhone
		{663630E4-C17C-4F2C-A52E-FF97C2D07141}.AppStore|iPhone.Build.0 = AppStore|iPhone
		{663630E4-C17C-4F2C-A52E-FF97C2D07141}.AppStore|iPhone.Deploy.0 = AppStore|iPhone
		{663630E4-C17C-4F2C-A52E-FF97C2D07141}.AppStore|iPhoneSimulator.ActiveCfg = AppStore|iPhoneSimulator
		{663630E4-C17C-4F2C-A52E-FF97C2D07141}.AppStore|iPhoneSimulator.Build.0 = AppStore|iPhoneSimulator
		{663630E4-C17C-4F2C-A52E-FF97C2D07141}.AppStore|iPhoneSimulator.Deploy.0 = AppStore|iPhoneSimulator
		{663630E4-C17C-4F2C-A52E-FF97C2D07141}.Debug|Any CPU.ActiveCfg = Debug|iPhoneSimulator
		{663630E4-C17C-4F2C-A52E-FF97C2D07141}.Debug|Any CPU.Build.0 = Debug|iPhoneSimulator
		{663630E4-C17C-4F2C-A52E-FF97C2D07141}.Debug|Any CPU.Deploy.0 = Debug|iPhoneSimulator
		{663630E4-C17C-4F2C-A52E-FF97C2D07141}.Debug|iPhone.ActiveCfg = Debug|iPhone
		{663630E4-C17C-4F2C-A52E-FF97C2D07141}.Debug|iPhone.Build.0 = Debug|iPhone
		{663630E4-C17C-4F2C-A52E-FF97C2D07141}.Debug|iPhone.Deploy.0 = Debug|iPhone
		{663630E4-C17C-4F2C-A52E-FF97C2D07141}.Debug|iPhoneSimulator.ActiveCfg = Debug|iPhoneSimulator
		{663630E4-C17C-4F2C-A52E-FF97C2D07141}.Debug|iPhoneSimulator.Build.0 = Debug|iPhoneSimulator
		{663630E4-C17C-4F2C-A52E-FF97C2D07141}.Debug|iPhoneSimulator.Deploy.0 = Debug|iPhoneSimulator
		{663630E4-C17C-4F2C-A52E-FF97C2D07141}.Release|Any CPU.ActiveCfg = Release|iPhone
		{663630E4-C17C-4F2C-A52E-FF97C2D07141}.Release|Any CPU.Build.0 = Release|iPhone
		{663630E4-C17C-4F2C-A52E-FF97C2D07141}.Release|Any CPU.Deploy.0 = Release|iPhone
		{663630E4-C17C-4F2C-A52E-FF97C2D07141}.Release|iPhone.ActiveCfg = Release|iPhone
		{663630E4-C17C-4F2C-A52E-FF97C2D07141}.Release|iPhone.Build.0 = Release|iPhone
		{663630E4-C17C-4F2C-A52E-FF97C2D07141}.Release|iPhone.Deploy.0 = Release|iPhone
		{663630E4-C17C-4F2C-A52E-FF97C2D07141}.Release|iPhoneSimulator.ActiveCfg = Release|iPhoneSimulator
		{663630E4-C17C-4F2C-A52E-FF97C2D07141}.Release|iPhoneSimulator.Build.0 = Release|iPhoneSimulator
		{663630E4-C17C-4F2C-A52E-FF97C2D07141}.Release|iPhoneSimulator.Deploy.0 = Release|iPhoneSimulator
		{0ADF2ADA-980F-4987-98AC-A85D9AC71124}.Ad-Hoc|Any CPU.ActiveCfg = Debug|Any CPU
		{0ADF2ADA-980F-4987-98AC-A85D9AC71124}.Ad-Hoc|Any CPU.Build.0 = Debug|Any CPU
		{0ADF2ADA-980F-4987-98AC-A85D9AC71124}.Ad-Hoc|Any CPU.Deploy.0 = Debug|Any CPU
		{0ADF2ADA-980F-4987-98AC-A85D9AC71124}.Ad-Hoc|iPhone.ActiveCfg = Debug|Any CPU
		{0ADF2ADA-980F-4987-98AC-A85D9AC71124}.Ad-Hoc|iPhone.Build.0 = Debug|Any CPU
		{0ADF2ADA-980F-4987-98AC-A85D9AC71124}.Ad-Hoc|iPhone.Deploy.0 = Debug|Any CPU
		{0ADF2ADA-980F-4987-98AC-A85D9AC71124}.Ad-Hoc|iPhoneSimulator.ActiveCfg = Debug|Any CPU
		{0ADF2ADA-980F-4987-98AC-A85D9AC71124}.Ad-Hoc|iPhoneSimulator.Build.0 = Debug|Any CPU
		{0ADF2ADA-980F-4987-98AC-A85D9AC71124}.Ad-Hoc|iPhoneSimulator.Deploy.0 = Debug|Any CPU
		{0ADF2ADA-980F-4987-98AC-A85D9AC71124}.AppStore|Any CPU.ActiveCfg = Debug|Any CPU
		{0ADF2ADA-980F-4987-98AC-A85D9AC71124}.AppStore|Any CPU.Build.0 = Debug|Any CPU
		{0ADF2ADA-980F-4987-98AC-A85D9AC71124}.AppStore|Any CPU.Deploy.0 = Debug|Any CPU
		{0ADF2ADA-980F-4987-98AC-A85D9AC71124}.AppStore|iPhone.ActiveCfg = Debug|Any CPU
		{0ADF2ADA-980F-4987-98AC-A85D9AC71124}.AppStore|iPhone.Build.0 = Debug|Any CPU
		{0ADF2ADA-980F-4987-98AC-A85D9AC71124}.AppStore|iPhone.Deploy.0 = Debug|Any CPU
		{0ADF2ADA-980F-4987-98AC-A85D9AC71124}.AppStore|iPhoneSimulator.ActiveCfg = Debug|Any CPU
		{0ADF2ADA-980F-4987-98AC-A85D9AC71124}.AppStore|iPhoneSimulator.Build.0 = Debug|Any CPU
		{0ADF2ADA-980F-4987-98AC-A85D9AC71124}.AppStore|iPhoneSimulator.Deploy.0 = Debug|Any CPU
		{0ADF2ADA-980F-4987-98AC-A85D9AC71124}.Debug|Any CPU.ActiveCfg = Debug|Any CPU
		{0ADF2ADA-980F-4987-98AC-A85D9AC71124}.Debug|Any CPU.Build.0 = Debug|Any CPU
		{0ADF2ADA-980F-4987-98AC-A85D9AC71124}.Debug|Any CPU.Deploy.0 = Debug|Any CPU
		{0ADF2ADA-980F-4987-98AC-A85D9AC71124}.Debug|iPhone.ActiveCfg = Debug|Any CPU
		{0ADF2ADA-980F-4987-98AC-A85D9AC71124}.Debug|iPhone.Build.0 = Debug|Any CPU
		{0ADF2ADA-980F-4987-98AC-A85D9AC71124}.Debug|iPhone.Deploy.0 = Debug|Any CPU
		{0ADF2ADA-980F-4987-98AC-A85D9AC71124}.Debug|iPhoneSimulator.ActiveCfg = Debug|Any CPU
		{0ADF2ADA-980F-4987-98AC-A85D9AC71124}.Debug|iPhoneSimulator.Build.0 = Debug|Any CPU
		{0ADF2ADA-980F-4987-98AC-A85D9AC71124}.Debug|iPhoneSimulator.Deploy.0 = Debug|Any CPU
		{0ADF2ADA-980F-4987-98AC-A85D9AC71124}.Release|Any CPU.ActiveCfg = Release|Any CPU
		{0ADF2ADA-980F-4987-98AC-A85D9AC71124}.Release|Any CPU.Build.0 = Release|Any CPU
		{0ADF2ADA-980F-4987-98AC-A85D9AC71124}.Release|Any CPU.Deploy.0 = Release|Any CPU
		{0ADF2ADA-980F-4987-98AC-A85D9AC71124}.Release|iPhone.ActiveCfg = Release|Any CPU
		{0ADF2ADA-980F-4987-98AC-A85D9AC71124}.Release|iPhone.Build.0 = Release|Any CPU
		{0ADF2ADA-980F-4987-98AC-A85D9AC71124}.Release|iPhone.Deploy.0 = Release|Any CPU
		{0ADF2ADA-980F-4987-98AC-A85D9AC71124}.Release|iPhoneSimulator.ActiveCfg = Release|Any CPU
		{0ADF2ADA-980F-4987-98AC-A85D9AC71124}.Release|iPhoneSimulator.Build.0 = Release|Any CPU
		{0ADF2ADA-980F-4987-98AC-A85D9AC71124}.Release|iPhoneSimulator.Deploy.0 = Release|Any CPU
	EndGlobalSection
	GlobalSection(SolutionProperties) = preSolution
		HideSolutionNode = FALSE
	EndGlobalSection
	GlobalSection(ExtensibilityGlobals) = postSolution
		SolutionGuid = {3FD06203-DA82-4537-8661-DCC636A14C98}
	EndGlobalSection
EndGlobal
